// !$*UTF8*$!
{
	archiveVersion = 1;
	classes = {
	};
	objectVersion = 46;
	objects = {

/* Begin PBXBuildFile section */
		58856D641DDAAE01009BEBB1 /* MobileCoreServices.framework in Frameworks */ = {isa = PBXBuildFile; fileRef = 58856D631DDAAE01009BEBB1 /* MobileCoreServices.framework */; };
		58856D661DDAAE0A009BEBB1 /* AssetsLibrary.framework in Frameworks */ = {isa = PBXBuildFile; fileRef = 58856D651DDAAE0A009BEBB1 /* AssetsLibrary.framework */; };
		58856D681DDAAE10009BEBB1 /* CoreMedia.framework in Frameworks */ = {isa = PBXBuildFile; fileRef = 58856D671DDAAE10009BEBB1 /* CoreMedia.framework */; };
		58856D6A1DDAAE1A009BEBB1 /* CoreVideo.framework in Frameworks */ = {isa = PBXBuildFile; fileRef = 58856D691DDAAE1A009BEBB1 /* CoreVideo.framework */; };
		58856D6C1DDAAE22009BEBB1 /* CoreMotion.framework in Frameworks */ = {isa = PBXBuildFile; fileRef = 58856D6B1DDAAE22009BEBB1 /* CoreMotion.framework */; };
		58856D6E1DDAAE2D009BEBB1 /* libc++.tbd in Frameworks */ = {isa = PBXBuildFile; fileRef = 58856D6D1DDAAE2D009BEBB1 /* libc++.tbd */; };
		58856D701DDAAE3E009BEBB1 /* CoreGraphics.framework in Frameworks */ = {isa = PBXBuildFile; fileRef = 58856D6F1DDAAE3E009BEBB1 /* CoreGraphics.framework */; };
		58856D721DDAAE48009BEBB1 /* Foundation.framework in Frameworks */ = {isa = PBXBuildFile; fileRef = 58856D711DDAAE48009BEBB1 /* Foundation.framework */; };
		58856D741DDAAE4F009BEBB1 /* UIKit.framework in Frameworks */ = {isa = PBXBuildFile; fileRef = 58856D731DDAAE4F009BEBB1 /* UIKit.framework */; };
		58856D761DDAAE5E009BEBB1 /* QuartzCore.framework in Frameworks */ = {isa = PBXBuildFile; fileRef = 58856D751DDAAE5E009BEBB1 /* QuartzCore.framework */; };
		58856D781DDAAE6B009BEBB1 /* SystemConfiguration.framework in Frameworks */ = {isa = PBXBuildFile; fileRef = 58856D771DDAAE6B009BEBB1 /* SystemConfiguration.framework */; };
		58856D7A1DDAAE7E009BEBB1 /* AudioToolbox.framework in Frameworks */ = {isa = PBXBuildFile; fileRef = 58856D791DDAAE7E009BEBB1 /* AudioToolbox.framework */; };
		58856D7C1DDAAE90009BEBB1 /* AddressBook.framework in Frameworks */ = {isa = PBXBuildFile; fileRef = 58856D7B1DDAAE90009BEBB1 /* AddressBook.framework */; };
		58856D7E1DDAAE99009BEBB1 /* AVFoundation.framework in Frameworks */ = {isa = PBXBuildFile; fileRef = 58856D7D1DDAAE99009BEBB1 /* AVFoundation.framework */; };
		58856D801DDAAEA1009BEBB1 /* CoreTelephony.framework in Frameworks */ = {isa = PBXBuildFile; fileRef = 58856D7F1DDAAEA1009BEBB1 /* CoreTelephony.framework */; };
		58856D821DDAAEA7009BEBB1 /* CoreLocation.framework in Frameworks */ = {isa = PBXBuildFile; fileRef = 58856D811DDAAEA7009BEBB1 /* CoreLocation.framework */; };
		58856D841DDAAEB0009BEBB1 /* libz.tbd in Frameworks */ = {isa = PBXBuildFile; fileRef = 58856D831DDAAEB0009BEBB1 /* libz.tbd */; };
		58856D861DDAAEC1009BEBB1 /* iflyMSC.framework in Frameworks */ = {isa = PBXBuildFile; fileRef = 58856D851DDAAEC1009BEBB1 /* iflyMSC.framework */; };
		5885702C1DDAF704009BEBB1 /* CameraViewController.m in Sources */ = {isa = PBXBuildFile; fileRef = 58856D8C1DDAF703009BEBB1 /* CameraViewController.m */; };
		5885702D1DDAF704009BEBB1 /* CameraViewController.xib in Resources */ = {isa = PBXBuildFile; fileRef = 58856D8D1DDAF703009BEBB1 /* CameraViewController.xib */; };
		5885702E1DDAF704009BEBB1 /* StartLiveView.m in Sources */ = {isa = PBXBuildFile; fileRef = 58856D901DDAF703009BEBB1 /* StartLiveView.m */; };
		5885702F1DDAF704009BEBB1 /* UIBarButtonItem+Item.m in Sources */ = {isa = PBXBuildFile; fileRef = 58856D931DDAF703009BEBB1 /* UIBarButtonItem+Item.m */; };
		588570301DDAF704009BEBB1 /* UIImage+Image.m in Sources */ = {isa = PBXBuildFile; fileRef = 58856D951DDAF703009BEBB1 /* UIImage+Image.m */; };
		588570311DDAF704009BEBB1 /* UIView+XJExtension.m in Sources */ = {isa = PBXBuildFile; fileRef = 58856D971DDAF703009BEBB1 /* UIView+XJExtension.m */; };
		588570321DDAF704009BEBB1 /* AttentionViewController.m in Sources */ = {isa = PBXBuildFile; fileRef = 58856D9B1DDAF703009BEBB1 /* AttentionViewController.m */; };
		588570331DDAF704009BEBB1 /* HotViewController.m in Sources */ = {isa = PBXBuildFile; fileRef = 58856D9D1DDAF703009BEBB1 /* HotViewController.m */; };
		588570341DDAF704009BEBB1 /* NewViewController.m in Sources */ = {isa = PBXBuildFile; fileRef = 58856D9F1DDAF703009BEBB1 /* NewViewController.m */; };
		588570351DDAF704009BEBB1 /* LiveViewController.m in Sources */ = {isa = PBXBuildFile; fileRef = 58856DA21DDAF703009BEBB1 /* LiveViewController.m */; };
		588570361DDAF704009BEBB1 /* PlayerViewController.m in Sources */ = {isa = PBXBuildFile; fileRef = 58856DA41DDAF703009BEBB1 /* PlayerViewController.m */; };
		588570371DDAF704009BEBB1 /* SearchViewController.m in Sources */ = {isa = PBXBuildFile; fileRef = 58856DA61DDAF703009BEBB1 /* SearchViewController.m */; };
		588570381DDAF704009BEBB1 /* PlayerModel.m in Sources */ = {isa = PBXBuildFile; fileRef = 58856DA91DDAF703009BEBB1 /* PlayerModel.m */; };
		588570391DDAF704009BEBB1 /* PlayerTableViewCell.m in Sources */ = {isa = PBXBuildFile; fileRef = 58856DAC1DDAF703009BEBB1 /* PlayerTableViewCell.m */; };
		5885703A1DDAF704009BEBB1 /* MainNavigationController.m in Sources */ = {isa = PBXBuildFile; fileRef = 58856DB01DDAF703009BEBB1 /* MainNavigationController.m */; };
		5885703B1DDAF704009BEBB1 /* MainTabBarController.m in Sources */ = {isa = PBXBuildFile; fileRef = 58856DB21DDAF703009BEBB1 /* MainTabBarController.m */; };
		588571321DDAF704009BEBB1 /* UIBarButtonItem+Item.m in Sources */ = {isa = PBXBuildFile; fileRef = 588570151DDAF704009BEBB1 /* UIBarButtonItem+Item.m */; };
		588571331DDAF704009BEBB1 /* UIControl+Add.m in Sources */ = {isa = PBXBuildFile; fileRef = 588570171DDAF704009BEBB1 /* UIControl+Add.m */; };
		588571341DDAF704009BEBB1 /* UIImage+Image.m in Sources */ = {isa = PBXBuildFile; fileRef = 588570191DDAF704009BEBB1 /* UIImage+Image.m */; };
		588571351DDAF704009BEBB1 /* UIView+Add.m in Sources */ = {isa = PBXBuildFile; fileRef = 5885701B1DDAF704009BEBB1 /* UIView+Add.m */; };
		588571361DDAF704009BEBB1 /* UIView+Frame.m in Sources */ = {isa = PBXBuildFile; fileRef = 5885701D1DDAF704009BEBB1 /* UIView+Frame.m */; };
		588571371DDAF704009BEBB1 /* UIView+XJExtension.m in Sources */ = {isa = PBXBuildFile; fileRef = 5885701F1DDAF704009BEBB1 /* UIView+XJExtension.m */; };
		588571381DDAF704009BEBB1 /* MineViewController.m in Sources */ = {isa = PBXBuildFile; fileRef = 588570221DDAF704009BEBB1 /* MineViewController.m */; };
		588571391DDAF704009BEBB1 /* MiddleView.m in Sources */ = {isa = PBXBuildFile; fileRef = 588570251DDAF704009BEBB1 /* MiddleView.m */; };
		5885713A1DDAF704009BEBB1 /* MiddleView.xib in Resources */ = {isa = PBXBuildFile; fileRef = 588570261DDAF704009BEBB1 /* MiddleView.xib */; };
		5885713B1DDAF704009BEBB1 /* MineHeadView.m in Sources */ = {isa = PBXBuildFile; fileRef = 588570281DDAF704009BEBB1 /* MineHeadView.m */; };
		5885713C1DDAF704009BEBB1 /* MineHeadView.xib in Resources */ = {isa = PBXBuildFile; fileRef = 588570291DDAF704009BEBB1 /* MineHeadView.xib */; };
		5885713D1DDAF704009BEBB1 /* MyView.m in Sources */ = {isa = PBXBuildFile; fileRef = 5885702B1DDAF704009BEBB1 /* MyView.m */; };
		5885714A1DDAFA85009BEBB1 /* DMHeartFlyView.m in Sources */ = {isa = PBXBuildFile; fileRef = 588571411DDAFA85009BEBB1 /* DMHeartFlyView.m */; };
		5885714D1DDAFA85009BEBB1 /* NetWorkEngine.m in Sources */ = {isa = PBXBuildFile; fileRef = 588571461DDAFA85009BEBB1 /* NetWorkEngine.m */; };
		5885714E1DDAFA85009BEBB1 /* ODRefreshControl.m in Sources */ = {isa = PBXBuildFile; fileRef = 588571491DDAFA85009BEBB1 /* ODRefreshControl.m */; };
		58BBD3D21DD9BE940030EFB0 /* CanvasView.m in Sources */ = {isa = PBXBuildFile; fileRef = 58BBD3BD1DD9BE940030EFB0 /* CanvasView.m */; };
		58BBD3D31DD9BE940030EFB0 /* CalculatorTools.m in Sources */ = {isa = PBXBuildFile; fileRef = 58BBD3C11DD9BE940030EFB0 /* CalculatorTools.m */; };
		58BBD3D41DD9BE940030EFB0 /* IFlyFaceImage.m in Sources */ = {isa = PBXBuildFile; fileRef = 58BBD3C31DD9BE940030EFB0 /* IFlyFaceImage.m */; };
		58BBD3D61DD9BE940030EFB0 /* UIImage+Extensions.m in Sources */ = {isa = PBXBuildFile; fileRef = 58BBD3C71DD9BE940030EFB0 /* UIImage+Extensions.m */; };
		58BBD3D71DD9BE940030EFB0 /* PermissionDetector.m in Sources */ = {isa = PBXBuildFile; fileRef = 58BBD3CA1DD9BE940030EFB0 /* PermissionDetector.m */; };
		58BBD3D81DD9BE940030EFB0 /* IFlyFaceResultDetector.m in Sources */ = {isa = PBXBuildFile; fileRef = 58BBD3CD1DD9BE940030EFB0 /* IFlyFaceResultDetector.m */; };
		58BBD3D91DD9BE940030EFB0 /* IFlyFaceResultKeys.m in Sources */ = {isa = PBXBuildFile; fileRef = 58BBD3CF1DD9BE940030EFB0 /* IFlyFaceResultKeys.m */; };
		58BBD3DA1DD9BE940030EFB0 /* IFlyFaceResultTrack.m in Sources */ = {isa = PBXBuildFile; fileRef = 58BBD3D11DD9BE940030EFB0 /* IFlyFaceResultTrack.m */; };
		58BBD4191DD9BE9B0030EFB0 /* cheek_0.png in Resources */ = {isa = PBXBuildFile; fileRef = 58BBD3DD1DD9BE9B0030EFB0 /* cheek_0.png */; };
		58BBD41A1DD9BE9B0030EFB0 /* cheek_1.png in Resources */ = {isa = PBXBuildFile; fileRef = 58BBD3DE1DD9BE9B0030EFB0 /* cheek_1.png */; };
		58BBD41B1DD9BE9B0030EFB0 /* cheek_2.png in Resources */ = {isa = PBXBuildFile; fileRef = 58BBD3DF1DD9BE9B0030EFB0 /* cheek_2.png */; };
		58BBD41C1DD9BE9B0030EFB0 /* cheek_3.png in Resources */ = {isa = PBXBuildFile; fileRef = 58BBD3E01DD9BE9B0030EFB0 /* cheek_3.png */; };
		58BBD41D1DD9BE9B0030EFB0 /* cheek_4.png in Resources */ = {isa = PBXBuildFile; fileRef = 58BBD3E11DD9BE9B0030EFB0 /* cheek_4.png */; };
		58BBD41E1DD9BE9B0030EFB0 /* cheek_5.png in Resources */ = {isa = PBXBuildFile; fileRef = 58BBD3E21DD9BE9B0030EFB0 /* cheek_5.png */; };
		58BBD41F1DD9BE9B0030EFB0 /* cheek_6.png in Resources */ = {isa = PBXBuildFile; fileRef = 58BBD3E31DD9BE9B0030EFB0 /* cheek_6.png */; };
		58BBD4201DD9BE9B0030EFB0 /* eye_0.png in Resources */ = {isa = PBXBuildFile; fileRef = 58BBD3E51DD9BE9B0030EFB0 /* eye_0.png */; };
		58BBD4211DD9BE9B0030EFB0 /* eye_1.png in Resources */ = {isa = PBXBuildFile; fileRef = 58BBD3E61DD9BE9B0030EFB0 /* eye_1.png */; };
		58BBD4221DD9BE9B0030EFB0 /* eye_10.png in Resources */ = {isa = PBXBuildFile; fileRef = 58BBD3E71DD9BE9B0030EFB0 /* eye_10.png */; };
		58BBD4231DD9BE9B0030EFB0 /* eye_11.png in Resources */ = {isa = PBXBuildFile; fileRef = 58BBD3E81DD9BE9B0030EFB0 /* eye_11.png */; };
		58BBD4241DD9BE9B0030EFB0 /* eye_12.png in Resources */ = {isa = PBXBuildFile; fileRef = 58BBD3E91DD9BE9B0030EFB0 /* eye_12.png */; };
		58BBD4251DD9BE9B0030EFB0 /* eye_13.png in Resources */ = {isa = PBXBuildFile; fileRef = 58BBD3EA1DD9BE9B0030EFB0 /* eye_13.png */; };
		58BBD4261DD9BE9B0030EFB0 /* eye_14.png in Resources */ = {isa = PBXBuildFile; fileRef = 58BBD3EB1DD9BE9B0030EFB0 /* eye_14.png */; };
		58BBD4271DD9BE9B0030EFB0 /* eye_15.png in Resources */ = {isa = PBXBuildFile; fileRef = 58BBD3EC1DD9BE9B0030EFB0 /* eye_15.png */; };
		58BBD4281DD9BE9B0030EFB0 /* eye_16.png in Resources */ = {isa = PBXBuildFile; fileRef = 58BBD3ED1DD9BE9B0030EFB0 /* eye_16.png */; };
		58BBD4291DD9BE9B0030EFB0 /* eye_17.png in Resources */ = {isa = PBXBuildFile; fileRef = 58BBD3EE1DD9BE9B0030EFB0 /* eye_17.png */; };
		58BBD42A1DD9BE9B0030EFB0 /* eye_18.png in Resources */ = {isa = PBXBuildFile; fileRef = 58BBD3EF1DD9BE9B0030EFB0 /* eye_18.png */; };
		58BBD42B1DD9BE9B0030EFB0 /* eye_19.png in Resources */ = {isa = PBXBuildFile; fileRef = 58BBD3F01DD9BE9B0030EFB0 /* eye_19.png */; };
		58BBD42C1DD9BE9B0030EFB0 /* eye_2.png in Resources */ = {isa = PBXBuildFile; fileRef = 58BBD3F11DD9BE9B0030EFB0 /* eye_2.png */; };
		58BBD42D1DD9BE9B0030EFB0 /* eye_20.png in Resources */ = {isa = PBXBuildFile; fileRef = 58BBD3F21DD9BE9B0030EFB0 /* eye_20.png */; };
		58BBD42E1DD9BE9B0030EFB0 /* eye_21.png in Resources */ = {isa = PBXBuildFile; fileRef = 58BBD3F31DD9BE9B0030EFB0 /* eye_21.png */; };
		58BBD42F1DD9BE9B0030EFB0 /* eye_22.png in Resources */ = {isa = PBXBuildFile; fileRef = 58BBD3F41DD9BE9B0030EFB0 /* eye_22.png */; };
		58BBD4301DD9BE9B0030EFB0 /* eye_23.png in Resources */ = {isa = PBXBuildFile; fileRef = 58BBD3F51DD9BE9B0030EFB0 /* eye_23.png */; };
		58BBD4311DD9BE9B0030EFB0 /* eye_3.png in Resources */ = {isa = PBXBuildFile; fileRef = 58BBD3F61DD9BE9B0030EFB0 /* eye_3.png */; };
		58BBD4321DD9BE9B0030EFB0 /* eye_4.png in Resources */ = {isa = PBXBuildFile; fileRef = 58BBD3F71DD9BE9B0030EFB0 /* eye_4.png */; };
		58BBD4331DD9BE9B0030EFB0 /* eye_5.png in Resources */ = {isa = PBXBuildFile; fileRef = 58BBD3F81DD9BE9B0030EFB0 /* eye_5.png */; };
		58BBD4341DD9BE9B0030EFB0 /* eye_6.png in Resources */ = {isa = PBXBuildFile; fileRef = 58BBD3F91DD9BE9B0030EFB0 /* eye_6.png */; };
		58BBD4351DD9BE9B0030EFB0 /* eye_7.png in Resources */ = {isa = PBXBuildFile; fileRef = 58BBD3FA1DD9BE9B0030EFB0 /* eye_7.png */; };
		58BBD4361DD9BE9B0030EFB0 /* eye_8.png in Resources */ = {isa = PBXBuildFile; fileRef = 58BBD3FB1DD9BE9B0030EFB0 /* eye_8.png */; };
		58BBD4371DD9BE9B0030EFB0 /* eye_9.png in Resources */ = {isa = PBXBuildFile; fileRef = 58BBD3FC1DD9BE9B0030EFB0 /* eye_9.png */; };
		58BBD4381DD9BE9B0030EFB0 /* frame_0.png in Resources */ = {isa = PBXBuildFile; fileRef = 58BBD3FE1DD9BE9B0030EFB0 /* frame_0.png */; };
		58BBD4391DD9BE9B0030EFB0 /* frame_1.png in Resources */ = {isa = PBXBuildFile; fileRef = 58BBD3FF1DD9BE9B0030EFB0 /* frame_1.png */; };
		58BBD43A1DD9BE9B0030EFB0 /* frame_10.png in Resources */ = {isa = PBXBuildFile; fileRef = 58BBD4001DD9BE9B0030EFB0 /* frame_10.png */; };
		58BBD43B1DD9BE9B0030EFB0 /* frame_11.png in Resources */ = {isa = PBXBuildFile; fileRef = 58BBD4011DD9BE9B0030EFB0 /* frame_11.png */; };
		58BBD43C1DD9BE9B0030EFB0 /* frame_12.png in Resources */ = {isa = PBXBuildFile; fileRef = 58BBD4021DD9BE9B0030EFB0 /* frame_12.png */; };
		58BBD43D1DD9BE9B0030EFB0 /* frame_13.png in Resources */ = {isa = PBXBuildFile; fileRef = 58BBD4031DD9BE9B0030EFB0 /* frame_13.png */; };
		58BBD43E1DD9BE9B0030EFB0 /* frame_14.png in Resources */ = {isa = PBXBuildFile; fileRef = 58BBD4041DD9BE9B0030EFB0 /* frame_14.png */; };
		58BBD43F1DD9BE9B0030EFB0 /* frame_15.png in Resources */ = {isa = PBXBuildFile; fileRef = 58BBD4051DD9BE9B0030EFB0 /* frame_15.png */; };
		58BBD4401DD9BE9B0030EFB0 /* frame_16.png in Resources */ = {isa = PBXBuildFile; fileRef = 58BBD4061DD9BE9B0030EFB0 /* frame_16.png */; };
		58BBD4411DD9BE9B0030EFB0 /* frame_17.png in Resources */ = {isa = PBXBuildFile; fileRef = 58BBD4071DD9BE9B0030EFB0 /* frame_17.png */; };
		58BBD4421DD9BE9B0030EFB0 /* frame_18.png in Resources */ = {isa = PBXBuildFile; fileRef = 58BBD4081DD9BE9B0030EFB0 /* frame_18.png */; };
		58BBD4431DD9BE9B0030EFB0 /* frame_19.png in Resources */ = {isa = PBXBuildFile; fileRef = 58BBD4091DD9BE9B0030EFB0 /* frame_19.png */; };
		58BBD4441DD9BE9B0030EFB0 /* frame_2.png in Resources */ = {isa = PBXBuildFile; fileRef = 58BBD40A1DD9BE9B0030EFB0 /* frame_2.png */; };
		58BBD4451DD9BE9B0030EFB0 /* frame_20.png in Resources */ = {isa = PBXBuildFile; fileRef = 58BBD40B1DD9BE9B0030EFB0 /* frame_20.png */; };
		58BBD4461DD9BE9B0030EFB0 /* frame_21.png in Resources */ = {isa = PBXBuildFile; fileRef = 58BBD40C1DD9BE9B0030EFB0 /* frame_21.png */; };
		58BBD4471DD9BE9B0030EFB0 /* frame_22.png in Resources */ = {isa = PBXBuildFile; fileRef = 58BBD40D1DD9BE9B0030EFB0 /* frame_22.png */; };
		58BBD4481DD9BE9B0030EFB0 /* frame_23.png in Resources */ = {isa = PBXBuildFile; fileRef = 58BBD40E1DD9BE9B0030EFB0 /* frame_23.png */; };
		58BBD4491DD9BE9B0030EFB0 /* frame_3.png in Resources */ = {isa = PBXBuildFile; fileRef = 58BBD40F1DD9BE9B0030EFB0 /* frame_3.png */; };
		58BBD44A1DD9BE9B0030EFB0 /* frame_4.png in Resources */ = {isa = PBXBuildFile; fileRef = 58BBD4101DD9BE9B0030EFB0 /* frame_4.png */; };
		58BBD44B1DD9BE9B0030EFB0 /* frame_5.png in Resources */ = {isa = PBXBuildFile; fileRef = 58BBD4111DD9BE9B0030EFB0 /* frame_5.png */; };
		58BBD44C1DD9BE9B0030EFB0 /* frame_6.png in Resources */ = {isa = PBXBuildFile; fileRef = 58BBD4121DD9BE9B0030EFB0 /* frame_6.png */; };
		58BBD44D1DD9BE9B0030EFB0 /* frame_7.png in Resources */ = {isa = PBXBuildFile; fileRef = 58BBD4131DD9BE9B0030EFB0 /* frame_7.png */; };
		58BBD44E1DD9BE9B0030EFB0 /* frame_8.png in Resources */ = {isa = PBXBuildFile; fileRef = 58BBD4141DD9BE9B0030EFB0 /* frame_8.png */; };
		58BBD44F1DD9BE9B0030EFB0 /* frame_9.png in Resources */ = {isa = PBXBuildFile; fileRef = 58BBD4151DD9BE9B0030EFB0 /* frame_9.png */; };
		58BBD4501DD9BE9B0030EFB0 /* params.wmc in Resources */ = {isa = PBXBuildFile; fileRef = 58BBD4161DD9BE9B0030EFB0 /* params.wmc */; };
		58BBD4511DD9BE9B0030EFB0 /* video_lovely_eye.png in Resources */ = {isa = PBXBuildFile; fileRef = 58BBD4171DD9BE9B0030EFB0 /* video_lovely_eye.png */; };
		58BBD4521DD9BE9B0030EFB0 /* video_lovely_eye_iOS.png in Resources */ = {isa = PBXBuildFile; fileRef = 58BBD4181DD9BE9B0030EFB0 /* video_lovely_eye_iOS.png */; };
		58CF340A1DB9D80400B1B6C4 /* main.m in Sources */ = {isa = PBXBuildFile; fileRef = 58CF34091DB9D80400B1B6C4 /* main.m */; };
		58CF340D1DB9D80400B1B6C4 /* AppDelegate.m in Sources */ = {isa = PBXBuildFile; fileRef = 58CF340C1DB9D80400B1B6C4 /* AppDelegate.m */; };
		58CF34101DB9D80400B1B6C4 /* ViewController.m in Sources */ = {isa = PBXBuildFile; fileRef = 58CF340F1DB9D80400B1B6C4 /* ViewController.m */; };
		58CF34131DB9D80400B1B6C4 /* Main.storyboard in Resources */ = {isa = PBXBuildFile; fileRef = 58CF34111DB9D80400B1B6C4 /* Main.storyboard */; };
		58CF34151DB9D80400B1B6C4 /* Assets.xcassets in Resources */ = {isa = PBXBuildFile; fileRef = 58CF34141DB9D80400B1B6C4 /* Assets.xcassets */; };
		58CF34181DB9D80400B1B6C4 /* LaunchScreen.storyboard in Resources */ = {isa = PBXBuildFile; fileRef = 58CF34161DB9D80400B1B6C4 /* LaunchScreen.storyboard */; };
		8E4D52813993B1753626C47F /* libPods-GLLoveLiveVideo.a in Frameworks */ = {isa = PBXBuildFile; fileRef = 6853292B0CBBBCE9EC9A1028 /* libPods-GLLoveLiveVideo.a */; };
/* End PBXBuildFile section */

/* Begin PBXFileReference section */
		3BC8353E0DF8E8D77B5C1669 /* Pods-GLLoveLiveVideo.debug.xcconfig */ = {isa = PBXFileReference; includeInIndex = 1; lastKnownFileType = text.xcconfig; name = "Pods-GLLoveLiveVideo.debug.xcconfig"; path = "Pods/Target Support Files/Pods-GLLoveLiveVideo/Pods-GLLoveLiveVideo.debug.xcconfig"; sourceTree = "<group>"; };
		58856D631DDAAE01009BEBB1 /* MobileCoreServices.framework */ = {isa = PBXFileReference; lastKnownFileType = wrapper.framework; name = MobileCoreServices.framework; path = System/Library/Frameworks/MobileCoreServices.framework; sourceTree = SDKROOT; };
		58856D651DDAAE0A009BEBB1 /* AssetsLibrary.framework */ = {isa = PBXFileReference; lastKnownFileType = wrapper.framework; name = AssetsLibrary.framework; path = System/Library/Frameworks/AssetsLibrary.framework; sourceTree = SDKROOT; };
		58856D671DDAAE10009BEBB1 /* CoreMedia.framework */ = {isa = PBXFileReference; lastKnownFileType = wrapper.framework; name = CoreMedia.framework; path = System/Library/Frameworks/CoreMedia.framework; sourceTree = SDKROOT; };
		58856D691DDAAE1A009BEBB1 /* CoreVideo.framework */ = {isa = PBXFileReference; lastKnownFileType = wrapper.framework; name = CoreVideo.framework; path = System/Library/Frameworks/CoreVideo.framework; sourceTree = SDKROOT; };
		58856D6B1DDAAE22009BEBB1 /* CoreMotion.framework */ = {isa = PBXFileReference; lastKnownFileType = wrapper.framework; name = CoreMotion.framework; path = System/Library/Frameworks/CoreMotion.framework; sourceTree = SDKROOT; };
		58856D6D1DDAAE2D009BEBB1 /* libc++.tbd */ = {isa = PBXFileReference; lastKnownFileType = "sourcecode.text-based-dylib-definition"; name = "libc++.tbd"; path = "usr/lib/libc++.tbd"; sourceTree = SDKROOT; };
		58856D6F1DDAAE3E009BEBB1 /* CoreGraphics.framework */ = {isa = PBXFileReference; lastKnownFileType = wrapper.framework; name = CoreGraphics.framework; path = System/Library/Frameworks/CoreGraphics.framework; sourceTree = SDKROOT; };
		58856D711DDAAE48009BEBB1 /* Foundation.framework */ = {isa = PBXFileReference; lastKnownFileType = wrapper.framework; name = Foundation.framework; path = System/Library/Frameworks/Foundation.framework; sourceTree = SDKROOT; };
		58856D731DDAAE4F009BEBB1 /* UIKit.framework */ = {isa = PBXFileReference; lastKnownFileType = wrapper.framework; name = UIKit.framework; path = System/Library/Frameworks/UIKit.framework; sourceTree = SDKROOT; };
		58856D751DDAAE5E009BEBB1 /* QuartzCore.framework */ = {isa = PBXFileReference; lastKnownFileType = wrapper.framework; name = QuartzCore.framework; path = System/Library/Frameworks/QuartzCore.framework; sourceTree = SDKROOT; };
		58856D771DDAAE6B009BEBB1 /* SystemConfiguration.framework */ = {isa = PBXFileReference; lastKnownFileType = wrapper.framework; name = SystemConfiguration.framework; path = System/Library/Frameworks/SystemConfiguration.framework; sourceTree = SDKROOT; };
		58856D791DDAAE7E009BEBB1 /* AudioToolbox.framework */ = {isa = PBXFileReference; lastKnownFileType = wrapper.framework; name = AudioToolbox.framework; path = System/Library/Frameworks/AudioToolbox.framework; sourceTree = SDKROOT; };
		58856D7B1DDAAE90009BEBB1 /* AddressBook.framework */ = {isa = PBXFileReference; lastKnownFileType = wrapper.framework; name = AddressBook.framework; path = System/Library/Frameworks/AddressBook.framework; sourceTree = SDKROOT; };
		58856D7D1DDAAE99009BEBB1 /* AVFoundation.framework */ = {isa = PBXFileReference; lastKnownFileType = wrapper.framework; name = AVFoundation.framework; path = System/Library/Frameworks/AVFoundation.framework; sourceTree = SDKROOT; };
		58856D7F1DDAAEA1009BEBB1 /* CoreTelephony.framework */ = {isa = PBXFileReference; lastKnownFileType = wrapper.framework; name = CoreTelephony.framework; path = System/Library/Frameworks/CoreTelephony.framework; sourceTree = SDKROOT; };
		58856D811DDAAEA7009BEBB1 /* CoreLocation.framework */ = {isa = PBXFileReference; lastKnownFileType = wrapper.framework; name = CoreLocation.framework; path = System/Library/Frameworks/CoreLocation.framework; sourceTree = SDKROOT; };
		58856D831DDAAEB0009BEBB1 /* libz.tbd */ = {isa = PBXFileReference; lastKnownFileType = "sourcecode.text-based-dylib-definition"; name = libz.tbd; path = usr/lib/libz.tbd; sourceTree = SDKROOT; };
		58856D851DDAAEC1009BEBB1 /* iflyMSC.framework */ = {isa = PBXFileReference; lastKnownFileType = wrapper.framework; name = iflyMSC.framework; path = GLLoveLiveVideo/lib/iflyMSC.framework; sourceTree = "<group>"; };
		58856D8B1DDAF703009BEBB1 /* CameraViewController.h */ = {isa = PBXFileReference; fileEncoding = 4; lastKnownFileType = sourcecode.c.h; path = CameraViewController.h; sourceTree = "<group>"; };
		58856D8C1DDAF703009BEBB1 /* CameraViewController.m */ = {isa = PBXFileReference; fileEncoding = 4; lastKnownFileType = sourcecode.c.objc; path = CameraViewController.m; sourceTree = "<group>"; };
		58856D8D1DDAF703009BEBB1 /* CameraViewController.xib */ = {isa = PBXFileReference; fileEncoding = 4; lastKnownFileType = file.xib; path = CameraViewController.xib; sourceTree = "<group>"; };
		58856D8F1DDAF703009BEBB1 /* StartLiveView.h */ = {isa = PBXFileReference; fileEncoding = 4; lastKnownFileType = sourcecode.c.h; path = StartLiveView.h; sourceTree = "<group>"; };
		58856D901DDAF703009BEBB1 /* StartLiveView.m */ = {isa = PBXFileReference; fileEncoding = 4; lastKnownFileType = sourcecode.c.objc; path = StartLiveView.m; sourceTree = "<group>"; };
		58856D921DDAF703009BEBB1 /* UIBarButtonItem+Item.h */ = {isa = PBXFileReference; fileEncoding = 4; lastKnownFileType = sourcecode.c.h; path = "UIBarButtonItem+Item.h"; sourceTree = "<group>"; };
		58856D931DDAF703009BEBB1 /* UIBarButtonItem+Item.m */ = {isa = PBXFileReference; fileEncoding = 4; lastKnownFileType = sourcecode.c.objc; path = "UIBarButtonItem+Item.m"; sourceTree = "<group>"; };
		58856D941DDAF703009BEBB1 /* UIImage+Image.h */ = {isa = PBXFileReference; fileEncoding = 4; lastKnownFileType = sourcecode.c.h; path = "UIImage+Image.h"; sourceTree = "<group>"; };
		58856D951DDAF703009BEBB1 /* UIImage+Image.m */ = {isa = PBXFileReference; fileEncoding = 4; lastKnownFileType = sourcecode.c.objc; path = "UIImage+Image.m"; sourceTree = "<group>"; };
		58856D961DDAF703009BEBB1 /* UIView+XJExtension.h */ = {isa = PBXFileReference; fileEncoding = 4; lastKnownFileType = sourcecode.c.h; path = "UIView+XJExtension.h"; sourceTree = "<group>"; };
		58856D971DDAF703009BEBB1 /* UIView+XJExtension.m */ = {isa = PBXFileReference; fileEncoding = 4; lastKnownFileType = sourcecode.c.objc; path = "UIView+XJExtension.m"; sourceTree = "<group>"; };
		58856D9A1DDAF703009BEBB1 /* AttentionViewController.h */ = {isa = PBXFileReference; fileEncoding = 4; lastKnownFileType = sourcecode.c.h; path = AttentionViewController.h; sourceTree = "<group>"; };
		58856D9B1DDAF703009BEBB1 /* AttentionViewController.m */ = {isa = PBXFileReference; fileEncoding = 4; lastKnownFileType = sourcecode.c.objc; path = AttentionViewController.m; sourceTree = "<group>"; };
		58856D9C1DDAF703009BEBB1 /* HotViewController.h */ = {isa = PBXFileReference; fileEncoding = 4; lastKnownFileType = sourcecode.c.h; path = HotViewController.h; sourceTree = "<group>"; };
		58856D9D1DDAF703009BEBB1 /* HotViewController.m */ = {isa = PBXFileReference; fileEncoding = 4; lastKnownFileType = sourcecode.c.objc; path = HotViewController.m; sourceTree = "<group>"; };
		58856D9E1DDAF703009BEBB1 /* NewViewController.h */ = {isa = PBXFileReference; fileEncoding = 4; lastKnownFileType = sourcecode.c.h; path = NewViewController.h; sourceTree = "<group>"; };
		58856D9F1DDAF703009BEBB1 /* NewViewController.m */ = {isa = PBXFileReference; fileEncoding = 4; lastKnownFileType = sourcecode.c.objc; path = NewViewController.m; sourceTree = "<group>"; };
		58856DA11DDAF703009BEBB1 /* LiveViewController.h */ = {isa = PBXFileReference; fileEncoding = 4; lastKnownFileType = sourcecode.c.h; path = LiveViewController.h; sourceTree = "<group>"; };
		58856DA21DDAF703009BEBB1 /* LiveViewController.m */ = {isa = PBXFileReference; fileEncoding = 4; lastKnownFileType = sourcecode.c.objc; path = LiveViewController.m; sourceTree = "<group>"; };
		58856DA31DDAF703009BEBB1 /* PlayerViewController.h */ = {isa = PBXFileReference; fileEncoding = 4; lastKnownFileType = sourcecode.c.h; path = PlayerViewController.h; sourceTree = "<group>"; };
		58856DA41DDAF703009BEBB1 /* PlayerViewController.m */ = {isa = PBXFileReference; fileEncoding = 4; lastKnownFileType = sourcecode.c.objc; path = PlayerViewController.m; sourceTree = "<group>"; };
		58856DA51DDAF703009BEBB1 /* SearchViewController.h */ = {isa = PBXFileReference; fileEncoding = 4; lastKnownFileType = sourcecode.c.h; path = SearchViewController.h; sourceTree = "<group>"; };
		58856DA61DDAF703009BEBB1 /* SearchViewController.m */ = {isa = PBXFileReference; fileEncoding = 4; lastKnownFileType = sourcecode.c.objc; path = SearchViewController.m; sourceTree = "<group>"; };
		58856DA81DDAF703009BEBB1 /* PlayerModel.h */ = {isa = PBXFileReference; fileEncoding = 4; lastKnownFileType = sourcecode.c.h; path = PlayerModel.h; sourceTree = "<group>"; };
		58856DA91DDAF703009BEBB1 /* PlayerModel.m */ = {isa = PBXFileReference; fileEncoding = 4; lastKnownFileType = sourcecode.c.objc; path = PlayerModel.m; sourceTree = "<group>"; };
		58856DAB1DDAF703009BEBB1 /* PlayerTableViewCell.h */ = {isa = PBXFileReference; fileEncoding = 4; lastKnownFileType = sourcecode.c.h; path = PlayerTableViewCell.h; sourceTree = "<group>"; };
		58856DAC1DDAF703009BEBB1 /* PlayerTableViewCell.m */ = {isa = PBXFileReference; fileEncoding = 4; lastKnownFileType = sourcecode.c.objc; path = PlayerTableViewCell.m; sourceTree = "<group>"; };
		58856DAF1DDAF703009BEBB1 /* MainNavigationController.h */ = {isa = PBXFileReference; fileEncoding = 4; lastKnownFileType = sourcecode.c.h; path = MainNavigationController.h; sourceTree = "<group>"; };
		58856DB01DDAF703009BEBB1 /* MainNavigationController.m */ = {isa = PBXFileReference; fileEncoding = 4; lastKnownFileType = sourcecode.c.objc; path = MainNavigationController.m; sourceTree = "<group>"; };
		58856DB11DDAF703009BEBB1 /* MainTabBarController.h */ = {isa = PBXFileReference; fileEncoding = 4; lastKnownFileType = sourcecode.c.h; path = MainTabBarController.h; sourceTree = "<group>"; };
		58856DB21DDAF703009BEBB1 /* MainTabBarController.m */ = {isa = PBXFileReference; fileEncoding = 4; lastKnownFileType = sourcecode.c.objc; path = MainTabBarController.m; sourceTree = "<group>"; };
		588570141DDAF704009BEBB1 /* UIBarButtonItem+Item.h */ = {isa = PBXFileReference; fileEncoding = 4; lastKnownFileType = sourcecode.c.h; path = "UIBarButtonItem+Item.h"; sourceTree = "<group>"; };
		588570151DDAF704009BEBB1 /* UIBarButtonItem+Item.m */ = {isa = PBXFileReference; fileEncoding = 4; lastKnownFileType = sourcecode.c.objc; path = "UIBarButtonItem+Item.m"; sourceTree = "<group>"; };
		588570161DDAF704009BEBB1 /* UIControl+Add.h */ = {isa = PBXFileReference; fileEncoding = 4; lastKnownFileType = sourcecode.c.h; path = "UIControl+Add.h"; sourceTree = "<group>"; };
		588570171DDAF704009BEBB1 /* UIControl+Add.m */ = {isa = PBXFileReference; fileEncoding = 4; lastKnownFileType = sourcecode.c.objc; path = "UIControl+Add.m"; sourceTree = "<group>"; };
		588570181DDAF704009BEBB1 /* UIImage+Image.h */ = {isa = PBXFileReference; fileEncoding = 4; lastKnownFileType = sourcecode.c.h; path = "UIImage+Image.h"; sourceTree = "<group>"; };
		588570191DDAF704009BEBB1 /* UIImage+Image.m */ = {isa = PBXFileReference; fileEncoding = 4; lastKnownFileType = sourcecode.c.objc; path = "UIImage+Image.m"; sourceTree = "<group>"; };
		5885701A1DDAF704009BEBB1 /* UIView+Add.h */ = {isa = PBXFileReference; fileEncoding = 4; lastKnownFileType = sourcecode.c.h; path = "UIView+Add.h"; sourceTree = "<group>"; };
		5885701B1DDAF704009BEBB1 /* UIView+Add.m */ = {isa = PBXFileReference; fileEncoding = 4; lastKnownFileType = sourcecode.c.objc; path = "UIView+Add.m"; sourceTree = "<group>"; };
		5885701C1DDAF704009BEBB1 /* UIView+Frame.h */ = {isa = PBXFileReference; fileEncoding = 4; lastKnownFileType = sourcecode.c.h; path = "UIView+Frame.h"; sourceTree = "<group>"; };
		5885701D1DDAF704009BEBB1 /* UIView+Frame.m */ = {isa = PBXFileReference; fileEncoding = 4; lastKnownFileType = sourcecode.c.objc; path = "UIView+Frame.m"; sourceTree = "<group>"; };
		5885701E1DDAF704009BEBB1 /* UIView+XJExtension.h */ = {isa = PBXFileReference; fileEncoding = 4; lastKnownFileType = sourcecode.c.h; path = "UIView+XJExtension.h"; sourceTree = "<group>"; };
		5885701F1DDAF704009BEBB1 /* UIView+XJExtension.m */ = {isa = PBXFileReference; fileEncoding = 4; lastKnownFileType = sourcecode.c.objc; path = "UIView+XJExtension.m"; sourceTree = "<group>"; };
		588570211DDAF704009BEBB1 /* MineViewController.h */ = {isa = PBXFileReference; fileEncoding = 4; lastKnownFileType = sourcecode.c.h; path = MineViewController.h; sourceTree = "<group>"; };
		588570221DDAF704009BEBB1 /* MineViewController.m */ = {isa = PBXFileReference; fileEncoding = 4; lastKnownFileType = sourcecode.c.objc; path = MineViewController.m; sourceTree = "<group>"; };
		588570241DDAF704009BEBB1 /* MiddleView.h */ = {isa = PBXFileReference; fileEncoding = 4; lastKnownFileType = sourcecode.c.h; path = MiddleView.h; sourceTree = "<group>"; };
		588570251DDAF704009BEBB1 /* MiddleView.m */ = {isa = PBXFileReference; fileEncoding = 4; lastKnownFileType = sourcecode.c.objc; path = MiddleView.m; sourceTree = "<group>"; };
		588570261DDAF704009BEBB1 /* MiddleView.xib */ = {isa = PBXFileReference; fileEncoding = 4; lastKnownFileType = file.xib; path = MiddleView.xib; sourceTree = "<group>"; };
		588570271DDAF704009BEBB1 /* MineHeadView.h */ = {isa = PBXFileReference; fileEncoding = 4; lastKnownFileType = sourcecode.c.h; path = MineHeadView.h; sourceTree = "<group>"; };
		588570281DDAF704009BEBB1 /* MineHeadView.m */ = {isa = PBXFileReference; fileEncoding = 4; lastKnownFileType = sourcecode.c.objc; path = MineHeadView.m; sourceTree = "<group>"; };
		588570291DDAF704009BEBB1 /* MineHeadView.xib */ = {isa = PBXFileReference; fileEncoding = 4; lastKnownFileType = file.xib; path = MineHeadView.xib; sourceTree = "<group>"; };
		5885702A1DDAF704009BEBB1 /* MyView.h */ = {isa = PBXFileReference; fileEncoding = 4; lastKnownFileType = sourcecode.c.h; path = MyView.h; sourceTree = "<group>"; };
		5885702B1DDAF704009BEBB1 /* MyView.m */ = {isa = PBXFileReference; fileEncoding = 4; lastKnownFileType = sourcecode.c.objc; path = MyView.m; sourceTree = "<group>"; };
		588571401DDAFA85009BEBB1 /* DMHeartFlyView.h */ = {isa = PBXFileReference; fileEncoding = 4; lastKnownFileType = sourcecode.c.h; path = DMHeartFlyView.h; sourceTree = "<group>"; };
		588571411DDAFA85009BEBB1 /* DMHeartFlyView.m */ = {isa = PBXFileReference; fileEncoding = 4; lastKnownFileType = sourcecode.c.objc; path = DMHeartFlyView.m; sourceTree = "<group>"; };
		588571451DDAFA85009BEBB1 /* NetWorkEngine.h */ = {isa = PBXFileReference; fileEncoding = 4; lastKnownFileType = sourcecode.c.h; path = NetWorkEngine.h; sourceTree = "<group>"; };
		588571461DDAFA85009BEBB1 /* NetWorkEngine.m */ = {isa = PBXFileReference; fileEncoding = 4; lastKnownFileType = sourcecode.c.objc; path = NetWorkEngine.m; sourceTree = "<group>"; };
		588571481DDAFA85009BEBB1 /* ODRefreshControl.h */ = {isa = PBXFileReference; fileEncoding = 4; lastKnownFileType = sourcecode.c.h; path = ODRefreshControl.h; sourceTree = "<group>"; };
		588571491DDAFA85009BEBB1 /* ODRefreshControl.m */ = {isa = PBXFileReference; fileEncoding = 4; lastKnownFileType = sourcecode.c.objc; path = ODRefreshControl.m; sourceTree = "<group>"; };
		58BBD3BC1DD9BE940030EFB0 /* CanvasView.h */ = {isa = PBXFileReference; fileEncoding = 4; lastKnownFileType = sourcecode.c.h; path = CanvasView.h; sourceTree = "<group>"; };
		58BBD3BD1DD9BE940030EFB0 /* CanvasView.m */ = {isa = PBXFileReference; fileEncoding = 4; lastKnownFileType = sourcecode.c.objc; path = CanvasView.m; sourceTree = "<group>"; };
		58BBD3C01DD9BE940030EFB0 /* CalculatorTools.h */ = {isa = PBXFileReference; fileEncoding = 4; lastKnownFileType = sourcecode.c.h; path = CalculatorTools.h; sourceTree = "<group>"; };
		58BBD3C11DD9BE940030EFB0 /* CalculatorTools.m */ = {isa = PBXFileReference; fileEncoding = 4; lastKnownFileType = sourcecode.c.objc; path = CalculatorTools.m; sourceTree = "<group>"; };
		58BBD3C21DD9BE940030EFB0 /* IFlyFaceImage.h */ = {isa = PBXFileReference; fileEncoding = 4; lastKnownFileType = sourcecode.c.h; path = IFlyFaceImage.h; sourceTree = "<group>"; };
		58BBD3C31DD9BE940030EFB0 /* IFlyFaceImage.m */ = {isa = PBXFileReference; fileEncoding = 4; lastKnownFileType = sourcecode.c.objc; path = IFlyFaceImage.m; sourceTree = "<group>"; };
		58BBD3C61DD9BE940030EFB0 /* UIImage+Extensions.h */ = {isa = PBXFileReference; fileEncoding = 4; lastKnownFileType = sourcecode.c.h; path = "UIImage+Extensions.h"; sourceTree = "<group>"; };
		58BBD3C71DD9BE940030EFB0 /* UIImage+Extensions.m */ = {isa = PBXFileReference; fileEncoding = 4; lastKnownFileType = sourcecode.c.objc; path = "UIImage+Extensions.m"; sourceTree = "<group>"; };
		58BBD3C91DD9BE940030EFB0 /* PermissionDetector.h */ = {isa = PBXFileReference; fileEncoding = 4; lastKnownFileType = sourcecode.c.h; path = PermissionDetector.h; sourceTree = "<group>"; };
		58BBD3CA1DD9BE940030EFB0 /* PermissionDetector.m */ = {isa = PBXFileReference; fileEncoding = 4; lastKnownFileType = sourcecode.c.objc; path = PermissionDetector.m; sourceTree = "<group>"; };
		58BBD3CC1DD9BE940030EFB0 /* IFlyFaceResultDetector.h */ = {isa = PBXFileReference; fileEncoding = 4; lastKnownFileType = sourcecode.c.h; path = IFlyFaceResultDetector.h; sourceTree = "<group>"; };
		58BBD3CD1DD9BE940030EFB0 /* IFlyFaceResultDetector.m */ = {isa = PBXFileReference; fileEncoding = 4; lastKnownFileType = sourcecode.c.objc; path = IFlyFaceResultDetector.m; sourceTree = "<group>"; };
		58BBD3CE1DD9BE940030EFB0 /* IFlyFaceResultKeys.h */ = {isa = PBXFileReference; fileEncoding = 4; lastKnownFileType = sourcecode.c.h; path = IFlyFaceResultKeys.h; sourceTree = "<group>"; };
		58BBD3CF1DD9BE940030EFB0 /* IFlyFaceResultKeys.m */ = {isa = PBXFileReference; fileEncoding = 4; lastKnownFileType = sourcecode.c.objc; path = IFlyFaceResultKeys.m; sourceTree = "<group>"; };
		58BBD3D01DD9BE940030EFB0 /* IFlyFaceResultTrack.h */ = {isa = PBXFileReference; fileEncoding = 4; lastKnownFileType = sourcecode.c.h; path = IFlyFaceResultTrack.h; sourceTree = "<group>"; };
		58BBD3D11DD9BE940030EFB0 /* IFlyFaceResultTrack.m */ = {isa = PBXFileReference; fileEncoding = 4; lastKnownFileType = sourcecode.c.objc; path = IFlyFaceResultTrack.m; sourceTree = "<group>"; };
		58BBD3DD1DD9BE9B0030EFB0 /* cheek_0.png */ = {isa = PBXFileReference; lastKnownFileType = image.png; path = cheek_0.png; sourceTree = "<group>"; };
		58BBD3DE1DD9BE9B0030EFB0 /* cheek_1.png */ = {isa = PBXFileReference; lastKnownFileType = image.png; path = cheek_1.png; sourceTree = "<group>"; };
		58BBD3DF1DD9BE9B0030EFB0 /* cheek_2.png */ = {isa = PBXFileReference; lastKnownFileType = image.png; path = cheek_2.png; sourceTree = "<group>"; };
		58BBD3E01DD9BE9B0030EFB0 /* cheek_3.png */ = {isa = PBXFileReference; lastKnownFileType = image.png; path = cheek_3.png; sourceTree = "<group>"; };
		58BBD3E11DD9BE9B0030EFB0 /* cheek_4.png */ = {isa = PBXFileReference; lastKnownFileType = image.png; path = cheek_4.png; sourceTree = "<group>"; };
		58BBD3E21DD9BE9B0030EFB0 /* cheek_5.png */ = {isa = PBXFileReference; lastKnownFileType = image.png; path = cheek_5.png; sourceTree = "<group>"; };
		58BBD3E31DD9BE9B0030EFB0 /* cheek_6.png */ = {isa = PBXFileReference; lastKnownFileType = image.png; path = cheek_6.png; sourceTree = "<group>"; };
		58BBD3E51DD9BE9B0030EFB0 /* eye_0.png */ = {isa = PBXFileReference; lastKnownFileType = image.png; path = eye_0.png; sourceTree = "<group>"; };
		58BBD3E61DD9BE9B0030EFB0 /* eye_1.png */ = {isa = PBXFileReference; lastKnownFileType = image.png; path = eye_1.png; sourceTree = "<group>"; };
		58BBD3E71DD9BE9B0030EFB0 /* eye_10.png */ = {isa = PBXFileReference; lastKnownFileType = image.png; path = eye_10.png; sourceTree = "<group>"; };
		58BBD3E81DD9BE9B0030EFB0 /* eye_11.png */ = {isa = PBXFileReference; lastKnownFileType = image.png; path = eye_11.png; sourceTree = "<group>"; };
		58BBD3E91DD9BE9B0030EFB0 /* eye_12.png */ = {isa = PBXFileReference; lastKnownFileType = image.png; path = eye_12.png; sourceTree = "<group>"; };
		58BBD3EA1DD9BE9B0030EFB0 /* eye_13.png */ = {isa = PBXFileReference; lastKnownFileType = image.png; path = eye_13.png; sourceTree = "<group>"; };
		58BBD3EB1DD9BE9B0030EFB0 /* eye_14.png */ = {isa = PBXFileReference; lastKnownFileType = image.png; path = eye_14.png; sourceTree = "<group>"; };
		58BBD3EC1DD9BE9B0030EFB0 /* eye_15.png */ = {isa = PBXFileReference; lastKnownFileType = image.png; path = eye_15.png; sourceTree = "<group>"; };
		58BBD3ED1DD9BE9B0030EFB0 /* eye_16.png */ = {isa = PBXFileReference; lastKnownFileType = image.png; path = eye_16.png; sourceTree = "<group>"; };
		58BBD3EE1DD9BE9B0030EFB0 /* eye_17.png */ = {isa = PBXFileReference; lastKnownFileType = image.png; path = eye_17.png; sourceTree = "<group>"; };
		58BBD3EF1DD9BE9B0030EFB0 /* eye_18.png */ = {isa = PBXFileReference; lastKnownFileType = image.png; path = eye_18.png; sourceTree = "<group>"; };
		58BBD3F01DD9BE9B0030EFB0 /* eye_19.png */ = {isa = PBXFileReference; lastKnownFileType = image.png; path = eye_19.png; sourceTree = "<group>"; };
		58BBD3F11DD9BE9B0030EFB0 /* eye_2.png */ = {isa = PBXFileReference; lastKnownFileType = image.png; path = eye_2.png; sourceTree = "<group>"; };
		58BBD3F21DD9BE9B0030EFB0 /* eye_20.png */ = {isa = PBXFileReference; lastKnownFileType = image.png; path = eye_20.png; sourceTree = "<group>"; };
		58BBD3F31DD9BE9B0030EFB0 /* eye_21.png */ = {isa = PBXFileReference; lastKnownFileType = image.png; path = eye_21.png; sourceTree = "<group>"; };
		58BBD3F41DD9BE9B0030EFB0 /* eye_22.png */ = {isa = PBXFileReference; lastKnownFileType = image.png; path = eye_22.png; sourceTree = "<group>"; };
		58BBD3F51DD9BE9B0030EFB0 /* eye_23.png */ = {isa = PBXFileReference; lastKnownFileType = image.png; path = eye_23.png; sourceTree = "<group>"; };
		58BBD3F61DD9BE9B0030EFB0 /* eye_3.png */ = {isa = PBXFileReference; lastKnownFileType = image.png; path = eye_3.png; sourceTree = "<group>"; };
		58BBD3F71DD9BE9B0030EFB0 /* eye_4.png */ = {isa = PBXFileReference; lastKnownFileType = image.png; path = eye_4.png; sourceTree = "<group>"; };
		58BBD3F81DD9BE9B0030EFB0 /* eye_5.png */ = {isa = PBXFileReference; lastKnownFileType = image.png; path = eye_5.png; sourceTree = "<group>"; };
		58BBD3F91DD9BE9B0030EFB0 /* eye_6.png */ = {isa = PBXFileReference; lastKnownFileType = image.png; path = eye_6.png; sourceTree = "<group>"; };
		58BBD3FA1DD9BE9B0030EFB0 /* eye_7.png */ = {isa = PBXFileReference; lastKnownFileType = image.png; path = eye_7.png; sourceTree = "<group>"; };
		58BBD3FB1DD9BE9B0030EFB0 /* eye_8.png */ = {isa = PBXFileReference; lastKnownFileType = image.png; path = eye_8.png; sourceTree = "<group>"; };
		58BBD3FC1DD9BE9B0030EFB0 /* eye_9.png */ = {isa = PBXFileReference; lastKnownFileType = image.png; path = eye_9.png; sourceTree = "<group>"; };
		58BBD3FE1DD9BE9B0030EFB0 /* frame_0.png */ = {isa = PBXFileReference; lastKnownFileType = image.png; path = frame_0.png; sourceTree = "<group>"; };
		58BBD3FF1DD9BE9B0030EFB0 /* frame_1.png */ = {isa = PBXFileReference; lastKnownFileType = image.png; path = frame_1.png; sourceTree = "<group>"; };
		58BBD4001DD9BE9B0030EFB0 /* frame_10.png */ = {isa = PBXFileReference; lastKnownFileType = image.png; path = frame_10.png; sourceTree = "<group>"; };
		58BBD4011DD9BE9B0030EFB0 /* frame_11.png */ = {isa = PBXFileReference; lastKnownFileType = image.png; path = frame_11.png; sourceTree = "<group>"; };
		58BBD4021DD9BE9B0030EFB0 /* frame_12.png */ = {isa = PBXFileReference; lastKnownFileType = image.png; path = frame_12.png; sourceTree = "<group>"; };
		58BBD4031DD9BE9B0030EFB0 /* frame_13.png */ = {isa = PBXFileReference; lastKnownFileType = image.png; path = frame_13.png; sourceTree = "<group>"; };
		58BBD4041DD9BE9B0030EFB0 /* frame_14.png */ = {isa = PBXFileReference; lastKnownFileType = image.png; path = frame_14.png; sourceTree = "<group>"; };
		58BBD4051DD9BE9B0030EFB0 /* frame_15.png */ = {isa = PBXFileReference; lastKnownFileType = image.png; path = frame_15.png; sourceTree = "<group>"; };
		58BBD4061DD9BE9B0030EFB0 /* frame_16.png */ = {isa = PBXFileReference; lastKnownFileType = image.png; path = frame_16.png; sourceTree = "<group>"; };
		58BBD4071DD9BE9B0030EFB0 /* frame_17.png */ = {isa = PBXFileReference; lastKnownFileType = image.png; path = frame_17.png; sourceTree = "<group>"; };
		58BBD4081DD9BE9B0030EFB0 /* frame_18.png */ = {isa = PBXFileReference; lastKnownFileType = image.png; path = frame_18.png; sourceTree = "<group>"; };
		58BBD4091DD9BE9B0030EFB0 /* frame_19.png */ = {isa = PBXFileReference; lastKnownFileType = image.png; path = frame_19.png; sourceTree = "<group>"; };
		58BBD40A1DD9BE9B0030EFB0 /* frame_2.png */ = {isa = PBXFileReference; lastKnownFileType = image.png; path = frame_2.png; sourceTree = "<group>"; };
		58BBD40B1DD9BE9B0030EFB0 /* frame_20.png */ = {isa = PBXFileReference; lastKnownFileType = image.png; path = frame_20.png; sourceTree = "<group>"; };
		58BBD40C1DD9BE9B0030EFB0 /* frame_21.png */ = {isa = PBXFileReference; lastKnownFileType = image.png; path = frame_21.png; sourceTree = "<group>"; };
		58BBD40D1DD9BE9B0030EFB0 /* frame_22.png */ = {isa = PBXFileReference; lastKnownFileType = image.png; path = frame_22.png; sourceTree = "<group>"; };
		58BBD40E1DD9BE9B0030EFB0 /* frame_23.png */ = {isa = PBXFileReference; lastKnownFileType = image.png; path = frame_23.png; sourceTree = "<group>"; };
		58BBD40F1DD9BE9B0030EFB0 /* frame_3.png */ = {isa = PBXFileReference; lastKnownFileType = image.png; path = frame_3.png; sourceTree = "<group>"; };
		58BBD4101DD9BE9B0030EFB0 /* frame_4.png */ = {isa = PBXFileReference; lastKnownFileType = image.png; path = frame_4.png; sourceTree = "<group>"; };
		58BBD4111DD9BE9B0030EFB0 /* frame_5.png */ = {isa = PBXFileReference; lastKnownFileType = image.png; path = frame_5.png; sourceTree = "<group>"; };
		58BBD4121DD9BE9B0030EFB0 /* frame_6.png */ = {isa = PBXFileReference; lastKnownFileType = image.png; path = frame_6.png; sourceTree = "<group>"; };
		58BBD4131DD9BE9B0030EFB0 /* frame_7.png */ = {isa = PBXFileReference; lastKnownFileType = image.png; path = frame_7.png; sourceTree = "<group>"; };
		58BBD4141DD9BE9B0030EFB0 /* frame_8.png */ = {isa = PBXFileReference; lastKnownFileType = image.png; path = frame_8.png; sourceTree = "<group>"; };
		58BBD4151DD9BE9B0030EFB0 /* frame_9.png */ = {isa = PBXFileReference; lastKnownFileType = image.png; path = frame_9.png; sourceTree = "<group>"; };
		58BBD4161DD9BE9B0030EFB0 /* params.wmc */ = {isa = PBXFileReference; lastKnownFileType = file; path = params.wmc; sourceTree = "<group>"; };
		58BBD4171DD9BE9B0030EFB0 /* video_lovely_eye.png */ = {isa = PBXFileReference; lastKnownFileType = image.png; path = video_lovely_eye.png; sourceTree = "<group>"; };
		58BBD4181DD9BE9B0030EFB0 /* video_lovely_eye_iOS.png */ = {isa = PBXFileReference; lastKnownFileType = image.png; path = video_lovely_eye_iOS.png; sourceTree = "<group>"; };
		58CF34051DB9D80400B1B6C4 /* GLLoveLiveVideo.app */ = {isa = PBXFileReference; explicitFileType = wrapper.application; includeInIndex = 0; path = GLLoveLiveVideo.app; sourceTree = BUILT_PRODUCTS_DIR; };
		58CF34091DB9D80400B1B6C4 /* main.m */ = {isa = PBXFileReference; lastKnownFileType = sourcecode.c.objc; path = main.m; sourceTree = "<group>"; };
		58CF340B1DB9D80400B1B6C4 /* AppDelegate.h */ = {isa = PBXFileReference; lastKnownFileType = sourcecode.c.h; path = AppDelegate.h; sourceTree = "<group>"; };
		58CF340C1DB9D80400B1B6C4 /* AppDelegate.m */ = {isa = PBXFileReference; lastKnownFileType = sourcecode.c.objc; path = AppDelegate.m; sourceTree = "<group>"; };
		58CF340E1DB9D80400B1B6C4 /* ViewController.h */ = {isa = PBXFileReference; lastKnownFileType = sourcecode.c.h; path = ViewController.h; sourceTree = "<group>"; };
		58CF340F1DB9D80400B1B6C4 /* ViewController.m */ = {isa = PBXFileReference; lastKnownFileType = sourcecode.c.objc; path = ViewController.m; sourceTree = "<group>"; };
		58CF34121DB9D80400B1B6C4 /* Base */ = {isa = PBXFileReference; lastKnownFileType = file.storyboard; name = Base; path = Base.lproj/Main.storyboard; sourceTree = "<group>"; };
		58CF34141DB9D80400B1B6C4 /* Assets.xcassets */ = {isa = PBXFileReference; lastKnownFileType = folder.assetcatalog; path = Assets.xcassets; sourceTree = "<group>"; };
		58CF34171DB9D80400B1B6C4 /* Base */ = {isa = PBXFileReference; lastKnownFileType = file.storyboard; name = Base; path = Base.lproj/LaunchScreen.storyboard; sourceTree = "<group>"; };
		58CF34191DB9D80400B1B6C4 /* Info.plist */ = {isa = PBXFileReference; lastKnownFileType = text.plist.xml; path = Info.plist; sourceTree = "<group>"; };
		6853292B0CBBBCE9EC9A1028 /* libPods-GLLoveLiveVideo.a */ = {isa = PBXFileReference; explicitFileType = archive.ar; includeInIndex = 0; path = "libPods-GLLoveLiveVideo.a"; sourceTree = BUILT_PRODUCTS_DIR; };
		7C459C54DAFBD4758DE70BCB /* Pods-GLLoveLiveVideo.release.xcconfig */ = {isa = PBXFileReference; includeInIndex = 1; lastKnownFileType = text.xcconfig; name = "Pods-GLLoveLiveVideo.release.xcconfig"; path = "Pods/Target Support Files/Pods-GLLoveLiveVideo/Pods-GLLoveLiveVideo.release.xcconfig"; sourceTree = "<group>"; };
/* End PBXFileReference section */

/* Begin PBXFrameworksBuildPhase section */
		58CF34021DB9D80400B1B6C4 /* Frameworks */ = {
			isa = PBXFrameworksBuildPhase;
			buildActionMask = 2147483647;
			files = (
				58856D841DDAAEB0009BEBB1 /* libz.tbd in Frameworks */,
				58856D821DDAAEA7009BEBB1 /* CoreLocation.framework in Frameworks */,
				58856D801DDAAEA1009BEBB1 /* CoreTelephony.framework in Frameworks */,
				58856D7E1DDAAE99009BEBB1 /* AVFoundation.framework in Frameworks */,
				58856D861DDAAEC1009BEBB1 /* iflyMSC.framework in Frameworks */,
				58856D7C1DDAAE90009BEBB1 /* AddressBook.framework in Frameworks */,
				58856D7A1DDAAE7E009BEBB1 /* AudioToolbox.framework in Frameworks */,
				58856D781DDAAE6B009BEBB1 /* SystemConfiguration.framework in Frameworks */,
				58856D761DDAAE5E009BEBB1 /* QuartzCore.framework in Frameworks */,
				58856D741DDAAE4F009BEBB1 /* UIKit.framework in Frameworks */,
				58856D721DDAAE48009BEBB1 /* Foundation.framework in Frameworks */,
				58856D701DDAAE3E009BEBB1 /* CoreGraphics.framework in Frameworks */,
				58856D6E1DDAAE2D009BEBB1 /* libc++.tbd in Frameworks */,
				58856D6C1DDAAE22009BEBB1 /* CoreMotion.framework in Frameworks */,
				58856D6A1DDAAE1A009BEBB1 /* CoreVideo.framework in Frameworks */,
				58856D681DDAAE10009BEBB1 /* CoreMedia.framework in Frameworks */,
				58856D661DDAAE0A009BEBB1 /* AssetsLibrary.framework in Frameworks */,
				58856D641DDAAE01009BEBB1 /* MobileCoreServices.framework in Frameworks */,
				8E4D52813993B1753626C47F /* libPods-GLLoveLiveVideo.a in Frameworks */,
			);
			runOnlyForDeploymentPostprocessing = 0;
		};
/* End PBXFrameworksBuildPhase section */

/* Begin PBXGroup section */
		58856D891DDAF703009BEBB1 /* Camera */ = {
			isa = PBXGroup;
			children = (
				58856D8A1DDAF703009BEBB1 /* Controller */,
				58856D8E1DDAF703009BEBB1 /* View */,
			);
			path = Camera;
			sourceTree = "<group>";
		};
		58856D8A1DDAF703009BEBB1 /* Controller */ = {
			isa = PBXGroup;
			children = (
				58856D8B1DDAF703009BEBB1 /* CameraViewController.h */,
				58856D8C1DDAF703009BEBB1 /* CameraViewController.m */,
				58856D8D1DDAF703009BEBB1 /* CameraViewController.xib */,
			);
			path = Controller;
			sourceTree = "<group>";
		};
		58856D8E1DDAF703009BEBB1 /* View */ = {
			isa = PBXGroup;
			children = (
				58856D8F1DDAF703009BEBB1 /* StartLiveView.h */,
				58856D901DDAF703009BEBB1 /* StartLiveView.m */,
			);
			path = View;
			sourceTree = "<group>";
		};
		58856D911DDAF703009BEBB1 /* Category */ = {
			isa = PBXGroup;
			children = (
				58856D921DDAF703009BEBB1 /* UIBarButtonItem+Item.h */,
				58856D931DDAF703009BEBB1 /* UIBarButtonItem+Item.m */,
				58856D941DDAF703009BEBB1 /* UIImage+Image.h */,
				58856D951DDAF703009BEBB1 /* UIImage+Image.m */,
				58856D961DDAF703009BEBB1 /* UIView+XJExtension.h */,
				58856D971DDAF703009BEBB1 /* UIView+XJExtension.m */,
			);
			path = Category;
			sourceTree = "<group>";
		};
		58856D981DDAF703009BEBB1 /* Live */ = {
			isa = PBXGroup;
			children = (
				58856D991DDAF703009BEBB1 /* ChildViewController */,
				58856DA01DDAF703009BEBB1 /* Controller */,
				58856DA71DDAF703009BEBB1 /* Model */,
				58856DAA1DDAF703009BEBB1 /* View */,
			);
			path = Live;
			sourceTree = "<group>";
		};
		58856D991DDAF703009BEBB1 /* ChildViewController */ = {
			isa = PBXGroup;
			children = (
				58856D9A1DDAF703009BEBB1 /* AttentionViewController.h */,
				58856D9B1DDAF703009BEBB1 /* AttentionViewController.m */,
				58856D9C1DDAF703009BEBB1 /* HotViewController.h */,
				58856D9D1DDAF703009BEBB1 /* HotViewController.m */,
				58856D9E1DDAF703009BEBB1 /* NewViewController.h */,
				58856D9F1DDAF703009BEBB1 /* NewViewController.m */,
			);
			path = ChildViewController;
			sourceTree = "<group>";
		};
		58856DA01DDAF703009BEBB1 /* Controller */ = {
			isa = PBXGroup;
			children = (
				58856DA11DDAF703009BEBB1 /* LiveViewController.h */,
				58856DA21DDAF703009BEBB1 /* LiveViewController.m */,
				58856DA31DDAF703009BEBB1 /* PlayerViewController.h */,
				58856DA41DDAF703009BEBB1 /* PlayerViewController.m */,
				58856DA51DDAF703009BEBB1 /* SearchViewController.h */,
				58856DA61DDAF703009BEBB1 /* SearchViewController.m */,
			);
			path = Controller;
			sourceTree = "<group>";
		};
		58856DA71DDAF703009BEBB1 /* Model */ = {
			isa = PBXGroup;
			children = (
				58856DA81DDAF703009BEBB1 /* PlayerModel.h */,
				58856DA91DDAF703009BEBB1 /* PlayerModel.m */,
			);
			path = Model;
			sourceTree = "<group>";
		};
		58856DAA1DDAF703009BEBB1 /* View */ = {
			isa = PBXGroup;
			children = (
				58856DAB1DDAF703009BEBB1 /* PlayerTableViewCell.h */,
				58856DAC1DDAF703009BEBB1 /* PlayerTableViewCell.m */,
			);
			path = View;
			sourceTree = "<group>";
		};
		58856DAD1DDAF703009BEBB1 /* Main */ = {
			isa = PBXGroup;
			children = (
				58856DAE1DDAF703009BEBB1 /* Controller */,
			);
			path = Main;
			sourceTree = "<group>";
		};
		58856DAE1DDAF703009BEBB1 /* Controller */ = {
			isa = PBXGroup;
			children = (
				58856DAF1DDAF703009BEBB1 /* MainNavigationController.h */,
				58856DB01DDAF703009BEBB1 /* MainNavigationController.m */,
				58856DB11DDAF703009BEBB1 /* MainTabBarController.h */,
				58856DB21DDAF703009BEBB1 /* MainTabBarController.m */,
			);
			path = Controller;
			sourceTree = "<group>";
		};
		588570121DDAF704009BEBB1 /* Mine */ = {
			isa = PBXGroup;
			children = (
				588570131DDAF704009BEBB1 /* Category */,
				588570201DDAF704009BEBB1 /* Controller */,
				588570231DDAF704009BEBB1 /* View */,
			);
			path = Mine;
			sourceTree = "<group>";
		};
		588570131DDAF704009BEBB1 /* Category */ = {
			isa = PBXGroup;
			children = (
				588570141DDAF704009BEBB1 /* UIBarButtonItem+Item.h */,
				588570151DDAF704009BEBB1 /* UIBarButtonItem+Item.m */,
				588570161DDAF704009BEBB1 /* UIControl+Add.h */,
				588570171DDAF704009BEBB1 /* UIControl+Add.m */,
				588570181DDAF704009BEBB1 /* UIImage+Image.h */,
				588570191DDAF704009BEBB1 /* UIImage+Image.m */,
				5885701A1DDAF704009BEBB1 /* UIView+Add.h */,
				5885701B1DDAF704009BEBB1 /* UIView+Add.m */,
				5885701C1DDAF704009BEBB1 /* UIView+Frame.h */,
				5885701D1DDAF704009BEBB1 /* UIView+Frame.m */,
				5885701E1DDAF704009BEBB1 /* UIView+XJExtension.h */,
				5885701F1DDAF704009BEBB1 /* UIView+XJExtension.m */,
			);
			path = Category;
			sourceTree = "<group>";
		};
		588570201DDAF704009BEBB1 /* Controller */ = {
			isa = PBXGroup;
			children = (
				588570211DDAF704009BEBB1 /* MineViewController.h */,
				588570221DDAF704009BEBB1 /* MineViewController.m */,
			);
			path = Controller;
			sourceTree = "<group>";
		};
		588570231DDAF704009BEBB1 /* View */ = {
			isa = PBXGroup;
			children = (
				588570241DDAF704009BEBB1 /* MiddleView.h */,
				588570251DDAF704009BEBB1 /* MiddleView.m */,
				588570261DDAF704009BEBB1 /* MiddleView.xib */,
				588570271DDAF704009BEBB1 /* MineHeadView.h */,
				588570281DDAF704009BEBB1 /* MineHeadView.m */,
				588570291DDAF704009BEBB1 /* MineHeadView.xib */,
				5885702A1DDAF704009BEBB1 /* MyView.h */,
				5885702B1DDAF704009BEBB1 /* MyView.m */,
			);
			path = View;
			sourceTree = "<group>";
		};
		5885713E1DDAFA85009BEBB1 /* lib */ = {
			isa = PBXGroup;
			children = (
				5885713F1DDAFA85009BEBB1 /* HeartFlyView */,
				588571441DDAFA85009BEBB1 /* NetWorkEngine */,
				588571471DDAFA85009BEBB1 /* ODRefreshControl */,
			);
			path = lib;
			sourceTree = "<group>";
		};
		5885713F1DDAFA85009BEBB1 /* HeartFlyView */ = {
			isa = PBXGroup;
			children = (
				588571401DDAFA85009BEBB1 /* DMHeartFlyView.h */,
				588571411DDAFA85009BEBB1 /* DMHeartFlyView.m */,
			);
			path = HeartFlyView;
			sourceTree = "<group>";
		};
		588571441DDAFA85009BEBB1 /* NetWorkEngine */ = {
			isa = PBXGroup;
			children = (
				588571451DDAFA85009BEBB1 /* NetWorkEngine.h */,
				588571461DDAFA85009BEBB1 /* NetWorkEngine.m */,
			);
			path = NetWorkEngine;
			sourceTree = "<group>";
		};
		588571471DDAFA85009BEBB1 /* ODRefreshControl */ = {
			isa = PBXGroup;
			children = (
				588571481DDAFA85009BEBB1 /* ODRefreshControl.h */,
				588571491DDAFA85009BEBB1 /* ODRefreshControl.m */,
			);
			path = ODRefreshControl;
			sourceTree = "<group>";
		};
		58BBD3BA1DD9BE940030EFB0 /* tools */ = {
			isa = PBXGroup;
			children = (
				58BBD3BB1DD9BE940030EFB0 /* CanvasView */,
				58BBD3BE1DD9BE940030EFB0 /* Capture */,
				58BBD3BF1DD9BE940030EFB0 /* Image */,
				58BBD3C81DD9BE940030EFB0 /* Permission */,
				58BBD3CB1DD9BE940030EFB0 /* Result */,
			);
			path = tools;
			sourceTree = "<group>";
		};
		58BBD3BB1DD9BE940030EFB0 /* CanvasView */ = {
			isa = PBXGroup;
			children = (
				58BBD3BC1DD9BE940030EFB0 /* CanvasView.h */,
				58BBD3BD1DD9BE940030EFB0 /* CanvasView.m */,
			);
			path = CanvasView;
			sourceTree = "<group>";
		};
		58BBD3BE1DD9BE940030EFB0 /* Capture */ = {
			isa = PBXGroup;
			children = (
			);
			path = Capture;
			sourceTree = "<group>";
		};
		58BBD3BF1DD9BE940030EFB0 /* Image */ = {
			isa = PBXGroup;
			children = (
				58BBD3C01DD9BE940030EFB0 /* CalculatorTools.h */,
				58BBD3C11DD9BE940030EFB0 /* CalculatorTools.m */,
				58BBD3C21DD9BE940030EFB0 /* IFlyFaceImage.h */,
				58BBD3C31DD9BE940030EFB0 /* IFlyFaceImage.m */,
				58BBD3C61DD9BE940030EFB0 /* UIImage+Extensions.h */,
				58BBD3C71DD9BE940030EFB0 /* UIImage+Extensions.m */,
			);
			path = Image;
			sourceTree = "<group>";
		};
		58BBD3C81DD9BE940030EFB0 /* Permission */ = {
			isa = PBXGroup;
			children = (
				58BBD3C91DD9BE940030EFB0 /* PermissionDetector.h */,
				58BBD3CA1DD9BE940030EFB0 /* PermissionDetector.m */,
			);
			path = Permission;
			sourceTree = "<group>";
		};
		58BBD3CB1DD9BE940030EFB0 /* Result */ = {
			isa = PBXGroup;
			children = (
				58BBD3CC1DD9BE940030EFB0 /* IFlyFaceResultDetector.h */,
				58BBD3CD1DD9BE940030EFB0 /* IFlyFaceResultDetector.m */,
				58BBD3CE1DD9BE940030EFB0 /* IFlyFaceResultKeys.h */,
				58BBD3CF1DD9BE940030EFB0 /* IFlyFaceResultKeys.m */,
				58BBD3D01DD9BE940030EFB0 /* IFlyFaceResultTrack.h */,
				58BBD3D11DD9BE940030EFB0 /* IFlyFaceResultTrack.m */,
			);
			path = Result;
			sourceTree = "<group>";
		};
		58BBD3DB1DD9BE9B0030EFB0 /* video_lovely_eye_iOS */ = {
			isa = PBXGroup;
			children = (
				58BBD3DC1DD9BE9B0030EFB0 /* cheek */,
				58BBD3E41DD9BE9B0030EFB0 /* eye */,
				58BBD3FD1DD9BE9B0030EFB0 /* frame */,
				58BBD4161DD9BE9B0030EFB0 /* params.wmc */,
				58BBD4171DD9BE9B0030EFB0 /* video_lovely_eye.png */,
				58BBD4181DD9BE9B0030EFB0 /* video_lovely_eye_iOS.png */,
			);
			path = video_lovely_eye_iOS;
			sourceTree = "<group>";
		};
		58BBD3DC1DD9BE9B0030EFB0 /* cheek */ = {
			isa = PBXGroup;
			children = (
				58BBD3DD1DD9BE9B0030EFB0 /* cheek_0.png */,
				58BBD3DE1DD9BE9B0030EFB0 /* cheek_1.png */,
				58BBD3DF1DD9BE9B0030EFB0 /* cheek_2.png */,
				58BBD3E01DD9BE9B0030EFB0 /* cheek_3.png */,
				58BBD3E11DD9BE9B0030EFB0 /* cheek_4.png */,
				58BBD3E21DD9BE9B0030EFB0 /* cheek_5.png */,
				58BBD3E31DD9BE9B0030EFB0 /* cheek_6.png */,
			);
			path = cheek;
			sourceTree = "<group>";
		};
		58BBD3E41DD9BE9B0030EFB0 /* eye */ = {
			isa = PBXGroup;
			children = (
				58BBD3E51DD9BE9B0030EFB0 /* eye_0.png */,
				58BBD3E61DD9BE9B0030EFB0 /* eye_1.png */,
				58BBD3E71DD9BE9B0030EFB0 /* eye_10.png */,
				58BBD3E81DD9BE9B0030EFB0 /* eye_11.png */,
				58BBD3E91DD9BE9B0030EFB0 /* eye_12.png */,
				58BBD3EA1DD9BE9B0030EFB0 /* eye_13.png */,
				58BBD3EB1DD9BE9B0030EFB0 /* eye_14.png */,
				58BBD3EC1DD9BE9B0030EFB0 /* eye_15.png */,
				58BBD3ED1DD9BE9B0030EFB0 /* eye_16.png */,
				58BBD3EE1DD9BE9B0030EFB0 /* eye_17.png */,
				58BBD3EF1DD9BE9B0030EFB0 /* eye_18.png */,
				58BBD3F01DD9BE9B0030EFB0 /* eye_19.png */,
				58BBD3F11DD9BE9B0030EFB0 /* eye_2.png */,
				58BBD3F21DD9BE9B0030EFB0 /* eye_20.png */,
				58BBD3F31DD9BE9B0030EFB0 /* eye_21.png */,
				58BBD3F41DD9BE9B0030EFB0 /* eye_22.png */,
				58BBD3F51DD9BE9B0030EFB0 /* eye_23.png */,
				58BBD3F61DD9BE9B0030EFB0 /* eye_3.png */,
				58BBD3F71DD9BE9B0030EFB0 /* eye_4.png */,
				58BBD3F81DD9BE9B0030EFB0 /* eye_5.png */,
				58BBD3F91DD9BE9B0030EFB0 /* eye_6.png */,
				58BBD3FA1DD9BE9B0030EFB0 /* eye_7.png */,
				58BBD3FB1DD9BE9B0030EFB0 /* eye_8.png */,
				58BBD3FC1DD9BE9B0030EFB0 /* eye_9.png */,
			);
			path = eye;
			sourceTree = "<group>";
		};
		58BBD3FD1DD9BE9B0030EFB0 /* frame */ = {
			isa = PBXGroup;
			children = (
				58BBD3FE1DD9BE9B0030EFB0 /* frame_0.png */,
				58BBD3FF1DD9BE9B0030EFB0 /* frame_1.png */,
				58BBD4001DD9BE9B0030EFB0 /* frame_10.png */,
				58BBD4011DD9BE9B0030EFB0 /* frame_11.png */,
				58BBD4021DD9BE9B0030EFB0 /* frame_12.png */,
				58BBD4031DD9BE9B0030EFB0 /* frame_13.png */,
				58BBD4041DD9BE9B0030EFB0 /* frame_14.png */,
				58BBD4051DD9BE9B0030EFB0 /* frame_15.png */,
				58BBD4061DD9BE9B0030EFB0 /* frame_16.png */,
				58BBD4071DD9BE9B0030EFB0 /* frame_17.png */,
				58BBD4081DD9BE9B0030EFB0 /* frame_18.png */,
				58BBD4091DD9BE9B0030EFB0 /* frame_19.png */,
				58BBD40A1DD9BE9B0030EFB0 /* frame_2.png */,
				58BBD40B1DD9BE9B0030EFB0 /* frame_20.png */,
				58BBD40C1DD9BE9B0030EFB0 /* frame_21.png */,
				58BBD40D1DD9BE9B0030EFB0 /* frame_22.png */,
				58BBD40E1DD9BE9B0030EFB0 /* frame_23.png */,
				58BBD40F1DD9BE9B0030EFB0 /* frame_3.png */,
				58BBD4101DD9BE9B0030EFB0 /* frame_4.png */,
				58BBD4111DD9BE9B0030EFB0 /* frame_5.png */,
				58BBD4121DD9BE9B0030EFB0 /* frame_6.png */,
				58BBD4131DD9BE9B0030EFB0 /* frame_7.png */,
				58BBD4141DD9BE9B0030EFB0 /* frame_8.png */,
				58BBD4151DD9BE9B0030EFB0 /* frame_9.png */,
			);
			path = frame;
			sourceTree = "<group>";
		};
		58C550B7B5B6C1D72DF9CE11 /* Frameworks */ = {
			isa = PBXGroup;
			children = (
				58856D831DDAAEB0009BEBB1 /* libz.tbd */,
				58856D811DDAAEA7009BEBB1 /* CoreLocation.framework */,
				58856D7F1DDAAEA1009BEBB1 /* CoreTelephony.framework */,
				58856D7D1DDAAE99009BEBB1 /* AVFoundation.framework */,
				58856D7B1DDAAE90009BEBB1 /* AddressBook.framework */,
				58856D791DDAAE7E009BEBB1 /* AudioToolbox.framework */,
				58856D771DDAAE6B009BEBB1 /* SystemConfiguration.framework */,
				58856D751DDAAE5E009BEBB1 /* QuartzCore.framework */,
				58856D731DDAAE4F009BEBB1 /* UIKit.framework */,
				58856D711DDAAE48009BEBB1 /* Foundation.framework */,
				58856D6F1DDAAE3E009BEBB1 /* CoreGraphics.framework */,
				58856D6D1DDAAE2D009BEBB1 /* libc++.tbd */,
				58856D851DDAAEC1009BEBB1 /* iflyMSC.framework */,
				58856D6B1DDAAE22009BEBB1 /* CoreMotion.framework */,
				58856D691DDAAE1A009BEBB1 /* CoreVideo.framework */,
				58856D671DDAAE10009BEBB1 /* CoreMedia.framework */,
				58856D651DDAAE0A009BEBB1 /* AssetsLibrary.framework */,
				58856D631DDAAE01009BEBB1 /* MobileCoreServices.framework */,
				6853292B0CBBBCE9EC9A1028 /* libPods-GLLoveLiveVideo.a */,
			);
			name = Frameworks;
			sourceTree = "<group>";
		};
		58CF33FC1DB9D80400B1B6C4 = {
			isa = PBXGroup;
			children = (
				58CF34071DB9D80400B1B6C4 /* GLLoveLiveVideo */,
				58CF34061DB9D80400B1B6C4 /* Products */,
				788672BAA8CAD00C4E65C88A /* Pods */,
				58C550B7B5B6C1D72DF9CE11 /* Frameworks */,
			);
			sourceTree = "<group>";
		};
		58CF34061DB9D80400B1B6C4 /* Products */ = {
			isa = PBXGroup;
			children = (
				58CF34051DB9D80400B1B6C4 /* GLLoveLiveVideo.app */,
			);
			name = Products;
			sourceTree = "<group>";
		};
		58CF34071DB9D80400B1B6C4 /* GLLoveLiveVideo */ = {
			isa = PBXGroup;
			children = (
				58856D891DDAF703009BEBB1 /* Camera */,
				58856D911DDAF703009BEBB1 /* Category */,
				58856D981DDAF703009BEBB1 /* Live */,
				58856DAD1DDAF703009BEBB1 /* Main */,
				588570121DDAF704009BEBB1 /* Mine */,
				58CF340B1DB9D80400B1B6C4 /* AppDelegate.h */,
				58CF340C1DB9D80400B1B6C4 /* AppDelegate.m */,
				58CF340E1DB9D80400B1B6C4 /* ViewController.h */,
				58CF340F1DB9D80400B1B6C4 /* ViewController.m */,
				58CF34111DB9D80400B1B6C4 /* Main.storyboard */,
				58CF34141DB9D80400B1B6C4 /* Assets.xcassets */,
				58CF34161DB9D80400B1B6C4 /* LaunchScreen.storyboard */,
				58CF34191DB9D80400B1B6C4 /* Info.plist */,
				5885713E1DDAFA85009BEBB1 /* lib */,
				58BBD3BA1DD9BE940030EFB0 /* tools */,
				58BBD3DB1DD9BE9B0030EFB0 /* video_lovely_eye_iOS */,
				58CF34081DB9D80400B1B6C4 /* Supporting Files */,
			);
			path = GLLoveLiveVideo;
			sourceTree = "<group>";
		};
		58CF34081DB9D80400B1B6C4 /* Supporting Files */ = {
			isa = PBXGroup;
			children = (
				58CF34091DB9D80400B1B6C4 /* main.m */,
			);
			name = "Supporting Files";
			sourceTree = "<group>";
		};
		788672BAA8CAD00C4E65C88A /* Pods */ = {
			isa = PBXGroup;
			children = (
				3BC8353E0DF8E8D77B5C1669 /* Pods-GLLoveLiveVideo.debug.xcconfig */,
				7C459C54DAFBD4758DE70BCB /* Pods-GLLoveLiveVideo.release.xcconfig */,
			);
			name = Pods;
			sourceTree = "<group>";
		};
/* End PBXGroup section */

/* Begin PBXNativeTarget section */
		58CF34041DB9D80400B1B6C4 /* GLLoveLiveVideo */ = {
			isa = PBXNativeTarget;
			buildConfigurationList = 58CF341C1DB9D80400B1B6C4 /* Build configuration list for PBXNativeTarget "GLLoveLiveVideo" */;
			buildPhases = (
				816EAF6835C80FD137B9419F /* [CP] Check Pods Manifest.lock */,
				58CF34011DB9D80400B1B6C4 /* Sources */,
				58CF34021DB9D80400B1B6C4 /* Frameworks */,
				58CF34031DB9D80400B1B6C4 /* Resources */,
				E3385A79DD9958E78B5ECC86 /* [CP] Embed Pods Frameworks */,
				A1639C9E00ABD89CE62C5072 /* [CP] Copy Pods Resources */,
			);
			buildRules = (
			);
			dependencies = (
			);
			name = GLLoveLiveVideo;
			productName = GLLoveLiveVideo;
			productReference = 58CF34051DB9D80400B1B6C4 /* GLLoveLiveVideo.app */;
			productType = "com.apple.product-type.application";
		};
/* End PBXNativeTarget section */

/* Begin PBXProject section */
		58CF33FD1DB9D80400B1B6C4 /* Project object */ = {
			isa = PBXProject;
			attributes = {
				LastUpgradeCheck = 0810;
				ORGANIZATIONNAME = ZK;
				TargetAttributes = {
					58CF34041DB9D80400B1B6C4 = {
						CreatedOnToolsVersion = 8.0;
						DevelopmentTeam = ZLU2H6WNEP;
						ProvisioningStyle = Automatic;
					};
				};
			};
			buildConfigurationList = 58CF34001DB9D80400B1B6C4 /* Build configuration list for PBXProject "GLLoveLiveVideo" */;
			compatibilityVersion = "Xcode 3.2";
			developmentRegion = English;
			hasScannedForEncodings = 0;
			knownRegions = (
				en,
				Base,
			);
			mainGroup = 58CF33FC1DB9D80400B1B6C4;
			productRefGroup = 58CF34061DB9D80400B1B6C4 /* Products */;
			projectDirPath = "";
			projectRoot = "";
			targets = (
				58CF34041DB9D80400B1B6C4 /* GLLoveLiveVideo */,
			);
		};
/* End PBXProject section */

/* Begin PBXResourcesBuildPhase section */
		58CF34031DB9D80400B1B6C4 /* Resources */ = {
			isa = PBXResourcesBuildPhase;
			buildActionMask = 2147483647;
			files = (
				58BBD4221DD9BE9B0030EFB0 /* eye_10.png in Resources */,
				58BBD42B1DD9BE9B0030EFB0 /* eye_19.png in Resources */,
				58BBD4201DD9BE9B0030EFB0 /* eye_0.png in Resources */,
				58CF34181DB9D80400B1B6C4 /* LaunchScreen.storyboard in Resources */,
				58BBD4251DD9BE9B0030EFB0 /* eye_13.png in Resources */,
				58BBD44F1DD9BE9B0030EFB0 /* frame_9.png in Resources */,
				58BBD43E1DD9BE9B0030EFB0 /* frame_14.png in Resources */,
				58BBD4381DD9BE9B0030EFB0 /* frame_0.png in Resources */,
				58BBD41D1DD9BE9B0030EFB0 /* cheek_4.png in Resources */,
				5885702D1DDAF704009BEBB1 /* CameraViewController.xib in Resources */,
				58BBD4321DD9BE9B0030EFB0 /* eye_4.png in Resources */,
				58BBD4511DD9BE9B0030EFB0 /* video_lovely_eye.png in Resources */,
				58BBD4331DD9BE9B0030EFB0 /* eye_5.png in Resources */,
				58BBD4191DD9BE9B0030EFB0 /* cheek_0.png in Resources */,
				58BBD4281DD9BE9B0030EFB0 /* eye_16.png in Resources */,
				58BBD43A1DD9BE9B0030EFB0 /* frame_10.png in Resources */,
				58BBD4481DD9BE9B0030EFB0 /* frame_23.png in Resources */,
				5885713A1DDAF704009BEBB1 /* MiddleView.xib in Resources */,
				58BBD4231DD9BE9B0030EFB0 /* eye_11.png in Resources */,
				58BBD4491DD9BE9B0030EFB0 /* frame_3.png in Resources */,
				58BBD4311DD9BE9B0030EFB0 /* eye_3.png in Resources */,
				58BBD42D1DD9BE9B0030EFB0 /* eye_20.png in Resources */,
				58BBD4241DD9BE9B0030EFB0 /* eye_12.png in Resources */,
				58BBD41C1DD9BE9B0030EFB0 /* cheek_3.png in Resources */,
				58BBD4371DD9BE9B0030EFB0 /* eye_9.png in Resources */,
				58BBD44B1DD9BE9B0030EFB0 /* frame_5.png in Resources */,
				58BBD4301DD9BE9B0030EFB0 /* eye_23.png in Resources */,
				58BBD4441DD9BE9B0030EFB0 /* frame_2.png in Resources */,
				58BBD42C1DD9BE9B0030EFB0 /* eye_2.png in Resources */,
				58BBD41A1DD9BE9B0030EFB0 /* cheek_1.png in Resources */,
				58BBD4291DD9BE9B0030EFB0 /* eye_17.png in Resources */,
				58BBD4521DD9BE9B0030EFB0 /* video_lovely_eye_iOS.png in Resources */,
				58BBD43C1DD9BE9B0030EFB0 /* frame_12.png in Resources */,
				58BBD42A1DD9BE9B0030EFB0 /* eye_18.png in Resources */,
				58BBD42E1DD9BE9B0030EFB0 /* eye_21.png in Resources */,
				58BBD4351DD9BE9B0030EFB0 /* eye_7.png in Resources */,
				58BBD4431DD9BE9B0030EFB0 /* frame_19.png in Resources */,
				58BBD43B1DD9BE9B0030EFB0 /* frame_11.png in Resources */,
				58BBD4501DD9BE9B0030EFB0 /* params.wmc in Resources */,
				58BBD41E1DD9BE9B0030EFB0 /* cheek_5.png in Resources */,
				58BBD4211DD9BE9B0030EFB0 /* eye_1.png in Resources */,
				58BBD42F1DD9BE9B0030EFB0 /* eye_22.png in Resources */,
				58BBD4461DD9BE9B0030EFB0 /* frame_21.png in Resources */,
				58BBD4361DD9BE9B0030EFB0 /* eye_8.png in Resources */,
				58BBD4341DD9BE9B0030EFB0 /* eye_6.png in Resources */,
				58BBD44A1DD9BE9B0030EFB0 /* frame_4.png in Resources */,
				58BBD4411DD9BE9B0030EFB0 /* frame_17.png in Resources */,
				58CF34151DB9D80400B1B6C4 /* Assets.xcassets in Resources */,
				58BBD41F1DD9BE9B0030EFB0 /* cheek_6.png in Resources */,
				58BBD4401DD9BE9B0030EFB0 /* frame_16.png in Resources */,
				58BBD4421DD9BE9B0030EFB0 /* frame_18.png in Resources */,
				58CF34131DB9D80400B1B6C4 /* Main.storyboard in Resources */,
				58BBD4271DD9BE9B0030EFB0 /* eye_15.png in Resources */,
				58BBD44D1DD9BE9B0030EFB0 /* frame_7.png in Resources */,
				58BBD43F1DD9BE9B0030EFB0 /* frame_15.png in Resources */,
				58BBD4451DD9BE9B0030EFB0 /* frame_20.png in Resources */,
				58BBD4391DD9BE9B0030EFB0 /* frame_1.png in Resources */,
				58BBD44E1DD9BE9B0030EFB0 /* frame_8.png in Resources */,
				58BBD43D1DD9BE9B0030EFB0 /* frame_13.png in Resources */,
				5885713C1DDAF704009BEBB1 /* MineHeadView.xib in Resources */,
				58BBD4471DD9BE9B0030EFB0 /* frame_22.png in Resources */,
				58BBD41B1DD9BE9B0030EFB0 /* cheek_2.png in Resources */,
				58BBD4261DD9BE9B0030EFB0 /* eye_14.png in Resources */,
				58BBD44C1DD9BE9B0030EFB0 /* frame_6.png in Resources */,
			);
			runOnlyForDeploymentPostprocessing = 0;
		};
/* End PBXResourcesBuildPhase section */

/* Begin PBXShellScriptBuildPhase section */
		816EAF6835C80FD137B9419F /* [CP] Check Pods Manifest.lock */ = {
			isa = PBXShellScriptBuildPhase;
			buildActionMask = 2147483647;
			files = (
			);
			inputPaths = (
			);
			name = "[CP] Check Pods Manifest.lock";
			outputPaths = (
			);
			runOnlyForDeploymentPostprocessing = 0;
			shellPath = /bin/sh;
			shellScript = "diff \"${PODS_ROOT}/../Podfile.lock\" \"${PODS_ROOT}/Manifest.lock\" > /dev/null\nif [ $? != 0 ] ; then\n    # print error to STDERR\n    echo \"error: The sandbox is not in sync with the Podfile.lock. Run 'pod install' or update your CocoaPods installation.\" >&2\n    exit 1\nfi\n";
			showEnvVarsInLog = 0;
		};
		A1639C9E00ABD89CE62C5072 /* [CP] Copy Pods Resources */ = {
			isa = PBXShellScriptBuildPhase;
			buildActionMask = 2147483647;
			files = (
			);
			inputPaths = (
			);
			name = "[CP] Copy Pods Resources";
			outputPaths = (
			);
			runOnlyForDeploymentPostprocessing = 0;
			shellPath = /bin/sh;
			shellScript = "\"${SRCROOT}/Pods/Target Support Files/Pods-GLLoveLiveVideo/Pods-GLLoveLiveVideo-resources.sh\"\n";
			showEnvVarsInLog = 0;
		};
		E3385A79DD9958E78B5ECC86 /* [CP] Embed Pods Frameworks */ = {
			isa = PBXShellScriptBuildPhase;
			buildActionMask = 2147483647;
			files = (
			);
			inputPaths = (
			);
			name = "[CP] Embed Pods Frameworks";
			outputPaths = (
			);
			runOnlyForDeploymentPostprocessing = 0;
			shellPath = /bin/sh;
			shellScript = "\"${SRCROOT}/Pods/Target Support Files/Pods-GLLoveLiveVideo/Pods-GLLoveLiveVideo-frameworks.sh\"\n";
			showEnvVarsInLog = 0;
		};
/* End PBXShellScriptBuildPhase section */

/* Begin PBXSourcesBuildPhase section */
		58CF34011DB9D80400B1B6C4 /* Sources */ = {
			isa = PBXSourcesBuildPhase;
			buildActionMask = 2147483647;
			files = (
				588571331DDAF704009BEBB1 /* UIControl+Add.m in Sources */,
				588570331DDAF704009BEBB1 /* HotViewController.m in Sources */,
				58BBD3D91DD9BE940030EFB0 /* IFlyFaceResultKeys.m in Sources */,
				58CF34101DB9D80400B1B6C4 /* ViewController.m in Sources */,
				588570381DDAF704009BEBB1 /* PlayerModel.m in Sources */,
				588570311DDAF704009BEBB1 /* UIView+XJExtension.m in Sources */,
				588571361DDAF704009BEBB1 /* UIView+Frame.m in Sources */,
				5885714E1DDAFA85009BEBB1 /* ODRefreshControl.m in Sources */,
				58BBD3D81DD9BE940030EFB0 /* IFlyFaceResultDetector.m in Sources */,
				588570321DDAF704009BEBB1 /* AttentionViewController.m in Sources */,
				588571341DDAF704009BEBB1 /* UIImage+Image.m in Sources */,
				5885702E1DDAF704009BEBB1 /* StartLiveView.m in Sources */,
				588571351DDAF704009BEBB1 /* UIView+Add.m in Sources */,
				588570391DDAF704009BEBB1 /* PlayerTableViewCell.m in Sources */,
				588571381DDAF704009BEBB1 /* MineViewController.m in Sources */,
				58CF340D1DB9D80400B1B6C4 /* AppDelegate.m in Sources */,
				5885713B1DDAF704009BEBB1 /* MineHeadView.m in Sources */,
				588571321DDAF704009BEBB1 /* UIBarButtonItem+Item.m in Sources */,
				5885714A1DDAFA85009BEBB1 /* DMHeartFlyView.m in Sources */,
				588570371DDAF704009BEBB1 /* SearchViewController.m in Sources */,
				5885702F1DDAF704009BEBB1 /* UIBarButtonItem+Item.m in Sources */,
				588571371DDAF704009BEBB1 /* UIView+XJExtension.m in Sources */,
				588570301DDAF704009BEBB1 /* UIImage+Image.m in Sources */,
				588570351DDAF704009BEBB1 /* LiveViewController.m in Sources */,
				588571391DDAF704009BEBB1 /* MiddleView.m in Sources */,
				5885703B1DDAF704009BEBB1 /* MainTabBarController.m in Sources */,
				5885703A1DDAF704009BEBB1 /* MainNavigationController.m in Sources */,
				5885713D1DDAF704009BEBB1 /* MyView.m in Sources */,
				58BBD3D31DD9BE940030EFB0 /* CalculatorTools.m in Sources */,
				588570341DDAF704009BEBB1 /* NewViewController.m in Sources */,
				58BBD3D71DD9BE940030EFB0 /* PermissionDetector.m in Sources */,
				588570361DDAF704009BEBB1 /* PlayerViewController.m in Sources */,
				58BBD3D61DD9BE940030EFB0 /* UIImage+Extensions.m in Sources */,
				5885714D1DDAFA85009BEBB1 /* NetWorkEngine.m in Sources */,
				58BBD3D21DD9BE940030EFB0 /* CanvasView.m in Sources */,
				58BBD3D41DD9BE940030EFB0 /* IFlyFaceImage.m in Sources */,
				5885702C1DDAF704009BEBB1 /* CameraViewController.m in Sources */,
				58CF340A1DB9D80400B1B6C4 /* main.m in Sources */,
				58BBD3DA1DD9BE940030EFB0 /* IFlyFaceResultTrack.m in Sources */,
			);
			runOnlyForDeploymentPostprocessing = 0;
		};
/* End PBXSourcesBuildPhase section */

/* Begin PBXVariantGroup section */
		58CF34111DB9D80400B1B6C4 /* Main.storyboard */ = {
			isa = PBXVariantGroup;
			children = (
				58CF34121DB9D80400B1B6C4 /* Base */,
			);
			name = Main.storyboard;
			sourceTree = "<group>";
		};
		58CF34161DB9D80400B1B6C4 /* LaunchScreen.storyboard */ = {
			isa = PBXVariantGroup;
			children = (
				58CF34171DB9D80400B1B6C4 /* Base */,
			);
			name = LaunchScreen.storyboard;
			sourceTree = "<group>";
		};
/* End PBXVariantGroup section */

/* Begin XCBuildConfiguration section */
		58CF341A1DB9D80400B1B6C4 /* Debug */ = {
			isa = XCBuildConfiguration;
			buildSettings = {
				ALWAYS_SEARCH_USER_PATHS = NO;
				CLANG_ANALYZER_NONNULL = YES;
				CLANG_CXX_LANGUAGE_STANDARD = "gnu++0x";
				CLANG_CXX_LIBRARY = "libc++";
				CLANG_ENABLE_MODULES = YES;
				CLANG_ENABLE_OBJC_ARC = YES;
				CLANG_WARN_BOOL_CONVERSION = YES;
				CLANG_WARN_CONSTANT_CONVERSION = YES;
				CLANG_WARN_DIRECT_OBJC_ISA_USAGE = YES_ERROR;
				CLANG_WARN_DOCUMENTATION_COMMENTS = YES;
				CLANG_WARN_EMPTY_BODY = YES;
				CLANG_WARN_ENUM_CONVERSION = YES;
				CLANG_WARN_INFINITE_RECURSION = YES;
				CLANG_WARN_INT_CONVERSION = YES;
				CLANG_WARN_OBJC_ROOT_CLASS = YES_ERROR;
				CLANG_WARN_SUSPICIOUS_MOVE = YES;
				CLANG_WARN_SUSPICIOUS_MOVES = YES;
				CLANG_WARN_UNREACHABLE_CODE = YES;
				CLANG_WARN__DUPLICATE_METHOD_MATCH = YES;
				"CODE_SIGN_IDENTITY[sdk=iphoneos*]" = "iPhone Developer";
				COPY_PHASE_STRIP = NO;
				DEBUG_INFORMATION_FORMAT = dwarf;
				ENABLE_STRICT_OBJC_MSGSEND = YES;
				ENABLE_TESTABILITY = YES;
				GCC_C_LANGUAGE_STANDARD = gnu99;
				GCC_DYNAMIC_NO_PIC = NO;
				GCC_NO_COMMON_BLOCKS = YES;
				GCC_OPTIMIZATION_LEVEL = 0;
				GCC_PREPROCESSOR_DEFINITIONS = (
					"DEBUG=1",
					"$(inherited)",
				);
				GCC_WARN_64_TO_32_BIT_CONVERSION = YES;
				GCC_WARN_ABOUT_RETURN_TYPE = YES_ERROR;
				GCC_WARN_UNDECLARED_SELECTOR = YES;
				GCC_WARN_UNINITIALIZED_AUTOS = YES_AGGRESSIVE;
				GCC_WARN_UNUSED_FUNCTION = YES;
				GCC_WARN_UNUSED_VARIABLE = YES;
				IPHONEOS_DEPLOYMENT_TARGET = 10.0;
				MTL_ENABLE_DEBUG_INFO = YES;
				ONLY_ACTIVE_ARCH = YES;
				SDKROOT = iphoneos;
			};
			name = Debug;
		};
		58CF341B1DB9D80400B1B6C4 /* Release */ = {
			isa = XCBuildConfiguration;
			buildSettings = {
				ALWAYS_SEARCH_USER_PATHS = NO;
				CLANG_ANALYZER_NONNULL = YES;
				CLANG_CXX_LANGUAGE_STANDARD = "gnu++0x";
				CLANG_CXX_LIBRARY = "libc++";
				CLANG_ENABLE_MODULES = YES;
				CLANG_ENABLE_OBJC_ARC = YES;
				CLANG_WARN_BOOL_CONVERSION = YES;
				CLANG_WARN_CONSTANT_CONVERSION = YES;
				CLANG_WARN_DIRECT_OBJC_ISA_USAGE = YES_ERROR;
				CLANG_WARN_DOCUMENTATION_COMMENTS = YES;
				CLANG_WARN_EMPTY_BODY = YES;
				CLANG_WARN_ENUM_CONVERSION = YES;
				CLANG_WARN_INFINITE_RECURSION = YES;
				CLANG_WARN_INT_CONVERSION = YES;
				CLANG_WARN_OBJC_ROOT_CLASS = YES_ERROR;
				CLANG_WARN_SUSPICIOUS_MOVE = YES;
				CLANG_WARN_SUSPICIOUS_MOVES = YES;
				CLANG_WARN_UNREACHABLE_CODE = YES;
				CLANG_WARN__DUPLICATE_METHOD_MATCH = YES;
				"CODE_SIGN_IDENTITY[sdk=iphoneos*]" = "iPhone Developer";
				COPY_PHASE_STRIP = NO;
				DEBUG_INFORMATION_FORMAT = "dwarf-with-dsym";
				ENABLE_NS_ASSERTIONS = NO;
				ENABLE_STRICT_OBJC_MSGSEND = YES;
				GCC_C_LANGUAGE_STANDARD = gnu99;
				GCC_NO_COMMON_BLOCKS = YES;
				GCC_WARN_64_TO_32_BIT_CONVERSION = YES;
				GCC_WARN_ABOUT_RETURN_TYPE = YES_ERROR;
				GCC_WARN_UNDECLARED_SELECTOR = YES;
				GCC_WARN_UNINITIALIZED_AUTOS = YES_AGGRESSIVE;
				GCC_WARN_UNUSED_FUNCTION = YES;
				GCC_WARN_UNUSED_VARIABLE = YES;
				IPHONEOS_DEPLOYMENT_TARGET = 10.0;
				MTL_ENABLE_DEBUG_INFO = NO;
				SDKROOT = iphoneos;
				VALIDATE_PRODUCT = YES;
			};
			name = Release;
		};
		58CF341D1DB9D80400B1B6C4 /* Debug */ = {
			isa = XCBuildConfiguration;
			baseConfigurationReference = 3BC8353E0DF8E8D77B5C1669 /* Pods-GLLoveLiveVideo.debug.xcconfig */;
			buildSettings = {
				ASSETCATALOG_COMPILER_APPICON_NAME = AppIcon;
				DEVELOPMENT_TEAM = ZLU2H6WNEP;
				ENABLE_BITCODE = NO;
				FRAMEWORK_SEARCH_PATHS = (
					"$(inherited)",
					"$(PROJECT_DIR)/GLLoveLiveVideo/lib",
				);
				INFOPLIST_FILE = GLLoveLiveVideo/Info.plist;
				LD_RUNPATH_SEARCH_PATHS = "$(inherited) @executable_path/Frameworks";
				LIBRARY_SEARCH_PATHS = (
					"$(inherited)",
					"$(PROJECT_DIR)/GLLoveLiveVideo/Main/Libs/librtmp-iOS/lib",
				);
				PRODUCT_BUNDLE_IDENTIFIER = gl.GLLoveLiveVideo;
				PRODUCT_NAME = "$(TARGET_NAME)";
			};
			name = Debug;
		};
		58CF341E1DB9D80400B1B6C4 /* Release */ = {
			isa = XCBuildConfiguration;
			baseConfigurationReference = 7C459C54DAFBD4758DE70BCB /* Pods-GLLoveLiveVideo.release.xcconfig */;
			buildSettings = {
				ASSETCATALOG_COMPILER_APPICON_NAME = AppIcon;
				DEVELOPMENT_TEAM = ZLU2H6WNEP;
				ENABLE_BITCODE = NO;
				FRAMEWORK_SEARCH_PATHS = (
					"$(inherited)",
					"$(PROJECT_DIR)/GLLoveLiveVideo/lib",
				);
				INFOPLIST_FILE = GLLoveLiveVideo/Info.plist;
				LD_RUNPATH_SEARCH_PATHS = "$(inherited) @executable_path/Frameworks";
				LIBRARY_SEARCH_PATHS = (
					"$(inherited)",
					"$(PROJECT_DIR)/GLLoveLiveVideo/Main/Libs/librtmp-iOS/lib",
				);
				PRODUCT_BUNDLE_IDENTIFIER = gl.GLLoveLiveVideo;
				PRODUCT_NAME = "$(TARGET_NAME)";
			};
			name = Release;
		};
/* End XCBuildConfiguration section */

/* Begin XCConfigurationList section */
		58CF34001DB9D80400B1B6C4 /* Build configuration list for PBXProject "GLLoveLiveVideo" */ = {
			isa = XCConfigurationList;
			buildConfigurations = (
				58CF341A1DB9D80400B1B6C4 /* Debug */,
				58CF341B1DB9D80400B1B6C4 /* Release */,
			);
			defaultConfigurationIsVisible = 0;
			defaultConfigurationName = Release;
		};
		58CF341C1DB9D80400B1B6C4 /* Build configuration list for PBXNativeTarget "GLLoveLiveVideo" */ = {
			isa = XCConfigurationList;
			buildConfigurations = (
				58CF341D1DB9D80400B1B6C4 /* Debug */,
				58CF341E1DB9D80400B1B6C4 /* Release */,
			);
			defaultConfigurationIsVisible = 0;
			defaultConfigurationName = Release;
		};
/* End XCConfigurationList section */
	};
	rootObject = 58CF33FD1DB9D80400B1B6C4 /* Project object */;
}
